// !$*UTF8*$!
{
	archiveVersion = 1;
	classes = {
	};
	objectVersion = 46;
	objects = {

/* Begin PBXBuildFile section */
		B80129EB191437DE007D2F6B /* NavigationViewController.m in Sources */ = {isa = PBXBuildFile; fileRef = B80129EA191437DE007D2F6B /* NavigationViewController.m */; };
		B8012A351914B09F007D2F6B /* StorageFile.m in Sources */ = {isa = PBXBuildFile; fileRef = B8012A341914B09F007D2F6B /* StorageFile.m */; };
		B8012A3B191580D5007D2F6B /* ImageProcessing.m in Sources */ = {isa = PBXBuildFile; fileRef = B8012A3A191580D5007D2F6B /* ImageProcessing.m */; };
		B8157CC4190EEB3900C3BE8C /* edi_md5.m in Sources */ = {isa = PBXBuildFile; fileRef = B8157CC3190EEB3900C3BE8C /* edi_md5.m */; };
		B8157CCA191013C800C3BE8C /* FindContactsViewController.m in Sources */ = {isa = PBXBuildFile; fileRef = B8157CC9191013C800C3BE8C /* FindContactsViewController.m */; };
		B8738B7619046C740044FD42 /* ScrollViewController.m in Sources */ = {isa = PBXBuildFile; fileRef = B8738B6F19046C740044FD42 /* ScrollViewController.m */; };
		B8738B7719046C740044FD42 /* NavBarSetting.m in Sources */ = {isa = PBXBuildFile; fileRef = B8738B7119046C740044FD42 /* NavBarSetting.m */; };
		B8738B7819046C740044FD42 /* TableViewController.m in Sources */ = {isa = PBXBuildFile; fileRef = B8738B7319046C740044FD42 /* TableViewController.m */; };
		B8738B7919046C740044FD42 /* CollectionViewController.m in Sources */ = {isa = PBXBuildFile; fileRef = B8738B7519046C740044FD42 /* CollectionViewController.m */; };
		B8738B8B190473790044FD42 /* mycover.jpg in Resources */ = {isa = PBXBuildFile; fileRef = B8738B8A190473790044FD42 /* mycover.jpg */; };
		B8738B94190479470044FD42 /* cafe@2x.png in Resources */ = {isa = PBXBuildFile; fileRef = B8738B8C190479470044FD42 /* cafe@2x.png */; };
		B8738B95190479470044FD42 /* cafe.png in Resources */ = {isa = PBXBuildFile; fileRef = B8738B8D190479470044FD42 /* cafe.png */; };
		B8738B96190479470044FD42 /* drink@2x.png in Resources */ = {isa = PBXBuildFile; fileRef = B8738B8E190479470044FD42 /* drink@2x.png */; };
		B8738B97190479470044FD42 /* drink.png in Resources */ = {isa = PBXBuildFile; fileRef = B8738B8F190479470044FD42 /* drink.png */; };
		B8738B98190479470044FD42 /* eat@2x.png in Resources */ = {isa = PBXBuildFile; fileRef = B8738B90190479470044FD42 /* eat@2x.png */; };
		B8738B99190479470044FD42 /* eat.png in Resources */ = {isa = PBXBuildFile; fileRef = B8738B91190479470044FD42 /* eat.png */; };
		B8738B9A190479470044FD42 /* home@2x.png in Resources */ = {isa = PBXBuildFile; fileRef = B8738B92190479470044FD42 /* home@2x.png */; };
		B8738B9B190479470044FD42 /* home.png in Resources */ = {isa = PBXBuildFile; fileRef = B8738B93190479470044FD42 /* home.png */; };
		B8738B9E190634730044FD42 /* LoadingAnimation.m in Sources */ = {isa = PBXBuildFile; fileRef = B8738B9D190634730044FD42 /* LoadingAnimation.m */; };
		B8738BA21906CEA60044FD42 /* UILayers.m in Sources */ = {isa = PBXBuildFile; fileRef = B8738BA11906CEA60044FD42 /* UILayers.m */; };
		B8738BA51906D8B80044FD42 /* UIImage+operation.m in Sources */ = {isa = PBXBuildFile; fileRef = B8738BA41906D8B80044FD42 /* UIImage+operation.m */; };
		B8738BA8190705550044FD42 /* DBOperations_User.m in Sources */ = {isa = PBXBuildFile; fileRef = B8738BA7190705550044FD42 /* DBOperations_User.m */; };
		B8AAF2E018F4547900D287A3 /* Foundation.framework in Frameworks */ = {isa = PBXBuildFile; fileRef = B8AAF2DF18F4547900D287A3 /* Foundation.framework */; };
		B8AAF2E218F4547900D287A3 /* CoreGraphics.framework in Frameworks */ = {isa = PBXBuildFile; fileRef = B8AAF2E118F4547900D287A3 /* CoreGraphics.framework */; };
		B8AAF2E418F4547900D287A3 /* UIKit.framework in Frameworks */ = {isa = PBXBuildFile; fileRef = B8AAF2E318F4547900D287A3 /* UIKit.framework */; };
		B8AAF2EA18F4547900D287A3 /* InfoPlist.strings in Resources */ = {isa = PBXBuildFile; fileRef = B8AAF2E818F4547900D287A3 /* InfoPlist.strings */; };
		B8AAF2EC18F4547900D287A3 /* main.m in Sources */ = {isa = PBXBuildFile; fileRef = B8AAF2EB18F4547900D287A3 /* main.m */; };
		B8AAF2F018F4547900D287A3 /* AppDelegate.m in Sources */ = {isa = PBXBuildFile; fileRef = B8AAF2EF18F4547900D287A3 /* AppDelegate.m */; };
		B8AAF2F318F4547900D287A3 /* Main_iPhone.storyboard in Resources */ = {isa = PBXBuildFile; fileRef = B8AAF2F118F4547900D287A3 /* Main_iPhone.storyboard */; };
		B8AAF2F618F4547900D287A3 /* Main_iPad.storyboard in Resources */ = {isa = PBXBuildFile; fileRef = B8AAF2F418F4547900D287A3 /* Main_iPad.storyboard */; };
		B8AAF2FB18F4547900D287A3 /* Images.xcassets in Resources */ = {isa = PBXBuildFile; fileRef = B8AAF2FA18F4547900D287A3 /* Images.xcassets */; };
		B8AAF30218F4547900D287A3 /* XCTest.framework in Frameworks */ = {isa = PBXBuildFile; fileRef = B8AAF30118F4547900D287A3 /* XCTest.framework */; };
		B8AAF30318F4547900D287A3 /* Foundation.framework in Frameworks */ = {isa = PBXBuildFile; fileRef = B8AAF2DF18F4547900D287A3 /* Foundation.framework */; };
		B8AAF30418F4547900D287A3 /* UIKit.framework in Frameworks */ = {isa = PBXBuildFile; fileRef = B8AAF2E318F4547900D287A3 /* UIKit.framework */; };
		B8AAF30C18F4547A00D287A3 /* InfoPlist.strings in Resources */ = {isa = PBXBuildFile; fileRef = B8AAF30A18F4547A00D287A3 /* InfoPlist.strings */; };
		B8AAF30E18F4547A00D287A3 /* EdibleBlueCheeseTests.m in Sources */ = {isa = PBXBuildFile; fileRef = B8AAF30D18F4547A00D287A3 /* EdibleBlueCheeseTests.m */; };
		B8AAF31C18F47F5B00D287A3 /* LoginRegisterForm.m in Sources */ = {isa = PBXBuildFile; fileRef = B8AAF31918F47F5B00D287A3 /* LoginRegisterForm.m */; };
		B8AAF31D18F47F5B00D287A3 /* UIImage+ImageEffects.m in Sources */ = {isa = PBXBuildFile; fileRef = B8AAF31B18F47F5B00D287A3 /* UIImage+ImageEffects.m */; };
		B8AAF32018F4803000D287A3 /* LoginRegisterViewController.m in Sources */ = {isa = PBXBuildFile; fileRef = B8AAF31F18F4803000D287A3 /* LoginRegisterViewController.m */; };
		B8AAF32718F4846100D287A3 /* ProfileViewController.m in Sources */ = {isa = PBXBuildFile; fileRef = B8AAF32618F4846100D287A3 /* ProfileViewController.m */; };
		B8AAF36E18F488E500D287A3 /* AnimateLabel.m in Sources */ = {isa = PBXBuildFile; fileRef = B8AAF36D18F488E500D287A3 /* AnimateLabel.m */; };
		B8AAF37618F48E4C00D287A3 /* SQLConnector.m in Sources */ = {isa = PBXBuildFile; fileRef = B8AAF37518F48E4C00D287A3 /* SQLConnector.m */; };
		B8AAF37818F48E8D00D287A3 /* libsqlite3.0.dylib in Frameworks */ = {isa = PBXBuildFile; fileRef = B8AAF37718F48E8D00D287A3 /* libsqlite3.0.dylib */; };
		B8AAF37E18F49F4100D287A3 /* LoginDemo.jpg in Resources */ = {isa = PBXBuildFile; fileRef = B8AAF37D18F49F4100D287A3 /* LoginDemo.jpg */; };
		B8B69D6619108E4700DEF80A /* SearchResultViewController.m in Sources */ = {isa = PBXBuildFile; fileRef = B8B69D6519108E4700DEF80A /* SearchResultViewController.m */; };
		B8B69D7A1912D07E00DEF80A /* DiscoveryViewController.m in Sources */ = {isa = PBXBuildFile; fileRef = B8B69D771912D07E00DEF80A /* DiscoveryViewController.m */; };
		B8B69D7B1912D07E00DEF80A /* EdibleCollectionCell.m in Sources */ = {isa = PBXBuildFile; fileRef = B8B69D791912D07E00DEF80A /* EdibleCollectionCell.m */; };
		B8B69D7D1912D6BB00DEF80A /* discover_walking.jpg in Resources */ = {isa = PBXBuildFile; fileRef = B8B69D7C1912D6BB00DEF80A /* discover_walking.jpg */; };
		B8B69D851913262600DEF80A /* discover.png in Resources */ = {isa = PBXBuildFile; fileRef = B8B69D811913262600DEF80A /* discover.png */; };
		B8B69D861913262600DEF80A /* discover@2x.png in Resources */ = {isa = PBXBuildFile; fileRef = B8B69D821913262600DEF80A /* discover@2x.png */; };
		B8B69D8B1913489200DEF80A /* right_arrow.png in Resources */ = {isa = PBXBuildFile; fileRef = B8B69D891913489200DEF80A /* right_arrow.png */; };
		B8B69D8C1913489200DEF80A /* right_arrow@2x.png in Resources */ = {isa = PBXBuildFile; fileRef = B8B69D8A1913489200DEF80A /* right_arrow@2x.png */; };
		B8B69D90191354F900DEF80A /* discover_restaurant.jpg in Resources */ = {isa = PBXBuildFile; fileRef = B8B69D8F191354F900DEF80A /* discover_restaurant.jpg */; };
		B8B69D921913554100DEF80A /* discover_oldbuilding.jpg in Resources */ = {isa = PBXBuildFile; fileRef = B8B69D911913554100DEF80A /* discover_oldbuilding.jpg */; };
		B8B69DB119135ACA00DEF80A /* friends_QR.png in Resources */ = {isa = PBXBuildFile; fileRef = B8B69D9319135ACA00DEF80A /* friends_QR.png */; };
		B8B69DB219135ACA00DEF80A /* friends_QR@2x.png in Resources */ = {isa = PBXBuildFile; fileRef = B8B69D9419135ACA00DEF80A /* friends_QR@2x.png */; };
		B8B69DB519135ACA00DEF80A /* tabbar_eat.png in Resources */ = {isa = PBXBuildFile; fileRef = B8B69D9719135ACA00DEF80A /* tabbar_eat.png */; };
		B8B69DB619135ACA00DEF80A /* tabbar_eat@2x.png in Resources */ = {isa = PBXBuildFile; fileRef = B8B69D9819135ACA00DEF80A /* tabbar_eat@2x.png */; };
		B8B69DB719135ACA00DEF80A /* 0075.png in Resources */ = {isa = PBXBuildFile; fileRef = B8B69D9919135ACA00DEF80A /* 0075.png */; };
		B8B69DB819135ACA00DEF80A /* 0075@2x.png in Resources */ = {isa = PBXBuildFile; fileRef = B8B69D9A19135ACA00DEF80A /* 0075@2x.png */; };
		B8B69DB919135ACA00DEF80A /* setting_orange.png in Resources */ = {isa = PBXBuildFile; fileRef = B8B69D9B19135ACA00DEF80A /* setting_orange.png */; };
		B8B69DBA19135ACA00DEF80A /* setting_orange@2x.png in Resources */ = {isa = PBXBuildFile; fileRef = B8B69D9C19135ACA00DEF80A /* setting_orange@2x.png */; };
		B8B69DBB19135ACA00DEF80A /* setting_tomato.png in Resources */ = {isa = PBXBuildFile; fileRef = B8B69D9D19135ACA00DEF80A /* setting_tomato.png */; };
		B8B69DBC19135ACA00DEF80A /* setting_tomato@2x.png in Resources */ = {isa = PBXBuildFile; fileRef = B8B69D9E19135ACA00DEF80A /* setting_tomato@2x.png */; };
		B8B69DBD19135ACA00DEF80A /* setting_mushroom.png in Resources */ = {isa = PBXBuildFile; fileRef = B8B69D9F19135ACA00DEF80A /* setting_mushroom.png */; };
		B8B69DBE19135ACA00DEF80A /* setting_mushroom@2x.png in Resources */ = {isa = PBXBuildFile; fileRef = B8B69DA019135ACA00DEF80A /* setting_mushroom@2x.png */; };
		B8B69DBF19135ACA00DEF80A /* tabbar_me.png in Resources */ = {isa = PBXBuildFile; fileRef = B8B69DA119135ACA00DEF80A /* tabbar_me.png */; };
		B8B69DC019135ACA00DEF80A /* tabbar_me@2x.png in Resources */ = {isa = PBXBuildFile; fileRef = B8B69DA219135ACA00DEF80A /* tabbar_me@2x.png */; };
		B8B69DC119135ACA00DEF80A /* setting_carrot.png in Resources */ = {isa = PBXBuildFile; fileRef = B8B69DA319135ACA00DEF80A /* setting_carrot.png */; };
		B8B69DC219135ACA00DEF80A /* setting_carrot@2x.png in Resources */ = {isa = PBXBuildFile; fileRef = B8B69DA419135ACA00DEF80A /* setting_carrot@2x.png */; };
		B8B69DC319135ACA00DEF80A /* 0190.png in Resources */ = {isa = PBXBuildFile; fileRef = B8B69DA519135ACA00DEF80A /* 0190.png */; };
		B8B69DC419135ACA00DEF80A /* 0190@2x.png in Resources */ = {isa = PBXBuildFile; fileRef = B8B69DA619135ACA00DEF80A /* 0190@2x.png */; };
		B8B69DC519135ACA00DEF80A /* 0194.png in Resources */ = {isa = PBXBuildFile; fileRef = B8B69DA719135ACA00DEF80A /* 0194.png */; };
		B8B69DC619135ACA00DEF80A /* 0194@2x.png in Resources */ = {isa = PBXBuildFile; fileRef = B8B69DA819135ACA00DEF80A /* 0194@2x.png */; };
		B8B69DC719135ACA00DEF80A /* 0196.png in Resources */ = {isa = PBXBuildFile; fileRef = B8B69DA919135ACA00DEF80A /* 0196.png */; };
		B8B69DC819135ACA00DEF80A /* 0196@2x.png in Resources */ = {isa = PBXBuildFile; fileRef = B8B69DAA19135ACA00DEF80A /* 0196@2x.png */; };
		B8B69DC919135ACA00DEF80A /* 0229.png in Resources */ = {isa = PBXBuildFile; fileRef = B8B69DAB19135ACA00DEF80A /* 0229.png */; };
		B8B69DCA19135ACA00DEF80A /* 0229@2x.png in Resources */ = {isa = PBXBuildFile; fileRef = B8B69DAC19135ACA00DEF80A /* 0229@2x.png */; };
		B8B69DCB19135ACA00DEF80A /* setting_setting.png in Resources */ = {isa = PBXBuildFile; fileRef = B8B69DAD19135ACA00DEF80A /* setting_setting.png */; };
		B8B69DCC19135ACA00DEF80A /* setting_setting@2x.png in Resources */ = {isa = PBXBuildFile; fileRef = B8B69DAE19135ACA00DEF80A /* setting_setting@2x.png */; };
		B8B69DCD19135ACA00DEF80A /* tabbar_camera.png in Resources */ = {isa = PBXBuildFile; fileRef = B8B69DAF19135ACA00DEF80A /* tabbar_camera.png */; };
		B8B69DCE19135ACA00DEF80A /* tabbar_camera@2x.png in Resources */ = {isa = PBXBuildFile; fileRef = B8B69DB019135ACA00DEF80A /* tabbar_camera@2x.png */; };
		B8B69DD119136C9200DEF80A /* discover_bridge.jpg in Resources */ = {isa = PBXBuildFile; fileRef = B8B69DCF19136C9200DEF80A /* discover_bridge.jpg */; };
		B8B69DD219136C9200DEF80A /* discover_river.jpg in Resources */ = {isa = PBXBuildFile; fileRef = B8B69DD019136C9200DEF80A /* discover_river.jpg */; };
		B8BC421419031F6C00485705 /* 1.jpg in Resources */ = {isa = PBXBuildFile; fileRef = B8BC420C19031F6C00485705 /* 1.jpg */; };
		B8BC421519031F6C00485705 /* 2.jpg in Resources */ = {isa = PBXBuildFile; fileRef = B8BC420D19031F6C00485705 /* 2.jpg */; };
		B8BC421619031F6C00485705 /* 3.jpg in Resources */ = {isa = PBXBuildFile; fileRef = B8BC420E19031F6C00485705 /* 3.jpg */; };
		B8BC421719031F6C00485705 /* 4.jpg in Resources */ = {isa = PBXBuildFile; fileRef = B8BC420F19031F6C00485705 /* 4.jpg */; };
		B8BC421819031F6C00485705 /* 5.jpg in Resources */ = {isa = PBXBuildFile; fileRef = B8BC421019031F6C00485705 /* 5.jpg */; };
		B8BC421919031F6C00485705 /* 6.jpg in Resources */ = {isa = PBXBuildFile; fileRef = B8BC421119031F6C00485705 /* 6.jpg */; };
		B8BC421A19031F6C00485705 /* CardScrollView.m in Sources */ = {isa = PBXBuildFile; fileRef = B8BC421319031F6C00485705 /* CardScrollView.m */; };
		B8BC421D19031F8400485705 /* CardCollectionViewController.m in Sources */ = {isa = PBXBuildFile; fileRef = B8BC421C19031F8400485705 /* CardCollectionViewController.m */; };
		B8BC423419034E0700485705 /* UIViewController+ScrollingNavbar.m in Sources */ = {isa = PBXBuildFile; fileRef = B8BC423319034E0700485705 /* UIViewController+ScrollingNavbar.m */; };
		B8D1CAB518FE0326001AFA11 /* AsyncRequest.m in Sources */ = {isa = PBXBuildFile; fileRef = B8D1CAB418FE0326001AFA11 /* AsyncRequest.m */; };
		B8E1D5341909899A00CB8C1C /* MeViewController.m in Sources */ = {isa = PBXBuildFile; fileRef = B8E1D5331909899A00CB8C1C /* MeViewController.m */; };
		B8E1D53719099F8C00CB8C1C /* SettingsViewController.m in Sources */ = {isa = PBXBuildFile; fileRef = B8E1D53619099F8C00CB8C1C /* SettingsViewController.m */; };
		B8E1D5431909ABCF00CB8C1C /* BadgeTableCell.m in Sources */ = {isa = PBXBuildFile; fileRef = B8E1D5421909ABCF00CB8C1C /* BadgeTableCell.m */; };
		B8E1D549190A1C0E00CB8C1C /* AccountViewController.m in Sources */ = {isa = PBXBuildFile; fileRef = B8E1D548190A1C0E00CB8C1C /* AccountViewController.m */; };
		B8E1D54F190A293D00CB8C1C /* ModifyViewController.m in Sources */ = {isa = PBXBuildFile; fileRef = B8E1D54E190A293D00CB8C1C /* ModifyViewController.m */; };
		B8E1D599190AF7FE00CB8C1C /* NSString+FontAwesome.m in Sources */ = {isa = PBXBuildFile; fileRef = B8E1D596190AF7FE00CB8C1C /* NSString+FontAwesome.m */; };
		B8E1D59A190AF7FE00CB8C1C /* UIButton+Bootstrap.m in Sources */ = {isa = PBXBuildFile; fileRef = B8E1D598190AF7FE00CB8C1C /* UIButton+Bootstrap.m */; };
		B8E1D59D190AFF9E00CB8C1C /* FontSettings.m in Sources */ = {isa = PBXBuildFile; fileRef = B8E1D59C190AFF9E00CB8C1C /* FontSettings.m */; };
		B8E1D5A0190B723100CB8C1C /* PasswordViewController.m in Sources */ = {isa = PBXBuildFile; fileRef = B8E1D59F190B723100CB8C1C /* PasswordViewController.m */; };
		B8E1D5EB190C1C7300CB8C1C /* QuartzCore.framework in Frameworks */ = {isa = PBXBuildFile; fileRef = B8E1D5EA190C1C7300CB8C1C /* QuartzCore.framework */; };
		B8E1D5F3190C224B00CB8C1C /* SVProgressHUD.m in Sources */ = {isa = PBXBuildFile; fileRef = B8E1D5F1190C224B00CB8C1C /* SVProgressHUD.m */; };
		B8E1D5F4190C224B00CB8C1C /* SVProgressHUD.bundle in Resources */ = {isa = PBXBuildFile; fileRef = B8E1D5F2190C224B00CB8C1C /* SVProgressHUD.bundle */; };
		B8E1D601190C68C600CB8C1C /* User.m in Sources */ = {isa = PBXBuildFile; fileRef = B8E1D600190C68C600CB8C1C /* User.m */; };
		B8E6099F1908A56000DBD4C1 /* UIAlertView+Blocks.m in Sources */ = {isa = PBXBuildFile; fileRef = B8E6099E1908A56000DBD4C1 /* UIAlertView+Blocks.m */; };
		B8FA45B718F5CA78007DA680 /* FormValidator.m in Sources */ = {isa = PBXBuildFile; fileRef = B8FA45B618F5CA78007DA680 /* FormValidator.m */; };
		B8FA45BF18F5D8E7007DA680 /* EdibleAlertView.m in Sources */ = {isa = PBXBuildFile; fileRef = B8FA45BC18F5D8E7007DA680 /* EdibleAlertView.m */; };
		B8FA45C018F5D8E7007DA680 /* EdibleAlertView.xib in Resources */ = {isa = PBXBuildFile; fileRef = B8FA45BD18F5D8E7007DA680 /* EdibleAlertView.xib */; };
		B8FA45C318F5D8ED007DA680 /* UIViewController+MaryPopin.m in Sources */ = {isa = PBXBuildFile; fileRef = B8FA45C218F5D8ED007DA680 /* UIViewController+MaryPopin.m */; };
		B8FA45CB18F72E56007DA680 /* ImagePlaceholderHelper.m in Sources */ = {isa = PBXBuildFile; fileRef = B8FA45C818F72E56007DA680 /* ImagePlaceholderHelper.m */; };
		B8FA45CC18F72E56007DA680 /* UIImageView+Placeholder.m in Sources */ = {isa = PBXBuildFile; fileRef = B8FA45CA18F72E56007DA680 /* UIImageView+Placeholder.m */; };
/* End PBXBuildFile section */

/* Begin PBXContainerItemProxy section */
		B8AAF30518F4547900D287A3 /* PBXContainerItemProxy */ = {
			isa = PBXContainerItemProxy;
			containerPortal = B8AAF2D418F4547900D287A3 /* Project object */;
			proxyType = 1;
			remoteGlobalIDString = B8AAF2DB18F4547900D287A3;
			remoteInfo = EdibleBlueCheese;
		};
/* End PBXContainerItemProxy section */

/* Begin PBXFileReference section */
		B80129E9191437DE007D2F6B /* NavigationViewController.h */ = {isa = PBXFileReference; fileEncoding = 4; lastKnownFileType = sourcecode.c.h; path = NavigationViewController.h; sourceTree = "<group>"; };
		B80129EA191437DE007D2F6B /* NavigationViewController.m */ = {isa = PBXFileReference; fileEncoding = 4; lastKnownFileType = sourcecode.c.objc; path = NavigationViewController.m; sourceTree = "<group>"; };
		B8012A331914B09F007D2F6B /* StorageFile.h */ = {isa = PBXFileReference; fileEncoding = 4; lastKnownFileType = sourcecode.c.h; path = StorageFile.h; sourceTree = "<group>"; };
		B8012A341914B09F007D2F6B /* StorageFile.m */ = {isa = PBXFileReference; fileEncoding = 4; lastKnownFileType = sourcecode.c.objc; path = StorageFile.m; sourceTree = "<group>"; };
		B8012A39191580D5007D2F6B /* ImageProcessing.h */ = {isa = PBXFileReference; fileEncoding = 4; lastKnownFileType = sourcecode.c.h; path = ImageProcessing.h; sourceTree = "<group>"; };
		B8012A3A191580D5007D2F6B /* ImageProcessing.m */ = {isa = PBXFileReference; fileEncoding = 4; lastKnownFileType = sourcecode.c.objc; path = ImageProcessing.m; sourceTree = "<group>"; };
		B8157CC2190EEB3900C3BE8C /* edi_md5.h */ = {isa = PBXFileReference; fileEncoding = 4; lastKnownFileType = sourcecode.c.h; path = edi_md5.h; sourceTree = "<group>"; };
		B8157CC3190EEB3900C3BE8C /* edi_md5.m */ = {isa = PBXFileReference; fileEncoding = 4; lastKnownFileType = sourcecode.c.objc; path = edi_md5.m; sourceTree = "<group>"; };
		B8157CC8191013C800C3BE8C /* FindContactsViewController.h */ = {isa = PBXFileReference; fileEncoding = 4; lastKnownFileType = sourcecode.c.h; path = FindContactsViewController.h; sourceTree = "<group>"; };
		B8157CC9191013C800C3BE8C /* FindContactsViewController.m */ = {isa = PBXFileReference; fileEncoding = 4; lastKnownFileType = sourcecode.c.objc; path = FindContactsViewController.m; sourceTree = "<group>"; };
		B8738B6E19046C740044FD42 /* ScrollViewController.h */ = {isa = PBXFileReference; fileEncoding = 4; lastKnownFileType = sourcecode.c.h; path = ScrollViewController.h; sourceTree = "<group>"; };
		B8738B6F19046C740044FD42 /* ScrollViewController.m */ = {isa = PBXFileReference; fileEncoding = 4; lastKnownFileType = sourcecode.c.objc; path = ScrollViewController.m; sourceTree = "<group>"; };
		B8738B7019046C740044FD42 /* NavBarSetting.h */ = {isa = PBXFileReference; fileEncoding = 4; lastKnownFileType = sourcecode.c.h; path = NavBarSetting.h; sourceTree = "<group>"; };
		B8738B7119046C740044FD42 /* NavBarSetting.m */ = {isa = PBXFileReference; fileEncoding = 4; lastKnownFileType = sourcecode.c.objc; path = NavBarSetting.m; sourceTree = "<group>"; };
		B8738B7219046C740044FD42 /* TableViewController.h */ = {isa = PBXFileReference; fileEncoding = 4; lastKnownFileType = sourcecode.c.h; path = TableViewController.h; sourceTree = "<group>"; };
		B8738B7319046C740044FD42 /* TableViewController.m */ = {isa = PBXFileReference; fileEncoding = 4; lastKnownFileType = sourcecode.c.objc; path = TableViewController.m; sourceTree = "<group>"; };
		B8738B7419046C740044FD42 /* CollectionViewController.h */ = {isa = PBXFileReference; fileEncoding = 4; lastKnownFileType = sourcecode.c.h; path = CollectionViewController.h; sourceTree = "<group>"; };
		B8738B7519046C740044FD42 /* CollectionViewController.m */ = {isa = PBXFileReference; fileEncoding = 4; lastKnownFileType = sourcecode.c.objc; path = CollectionViewController.m; sourceTree = "<group>"; };
		B8738B8A190473790044FD42 /* mycover.jpg */ = {isa = PBXFileReference; lastKnownFileType = image.jpeg; path = mycover.jpg; sourceTree = "<group>"; };
		B8738B8C190479470044FD42 /* cafe@2x.png */ = {isa = PBXFileReference; lastKnownFileType = image.png; path = "cafe@2x.png"; sourceTree = "<group>"; };
		B8738B8D190479470044FD42 /* cafe.png */ = {isa = PBXFileReference; lastKnownFileType = image.png; path = cafe.png; sourceTree = "<group>"; };
		B8738B8E190479470044FD42 /* drink@2x.png */ = {isa = PBXFileReference; lastKnownFileType = image.png; path = "drink@2x.png"; sourceTree = "<group>"; };
		B8738B8F190479470044FD42 /* drink.png */ = {isa = PBXFileReference; lastKnownFileType = image.png; path = drink.png; sourceTree = "<group>"; };
		B8738B90190479470044FD42 /* eat@2x.png */ = {isa = PBXFileReference; lastKnownFileType = image.png; path = "eat@2x.png"; sourceTree = "<group>"; };
		B8738B91190479470044FD42 /* eat.png */ = {isa = PBXFileReference; lastKnownFileType = image.png; path = eat.png; sourceTree = "<group>"; };
		B8738B92190479470044FD42 /* home@2x.png */ = {isa = PBXFileReference; lastKnownFileType = image.png; path = "home@2x.png"; sourceTree = "<group>"; };
		B8738B93190479470044FD42 /* home.png */ = {isa = PBXFileReference; lastKnownFileType = image.png; path = home.png; sourceTree = "<group>"; };
		B8738B9C190634730044FD42 /* LoadingAnimation.h */ = {isa = PBXFileReference; fileEncoding = 4; lastKnownFileType = sourcecode.c.h; path = LoadingAnimation.h; sourceTree = "<group>"; };
		B8738B9D190634730044FD42 /* LoadingAnimation.m */ = {isa = PBXFileReference; fileEncoding = 4; lastKnownFileType = sourcecode.c.objc; path = LoadingAnimation.m; sourceTree = "<group>"; };
		B8738BA01906CEA60044FD42 /* UILayers.h */ = {isa = PBXFileReference; fileEncoding = 4; lastKnownFileType = sourcecode.c.h; path = UILayers.h; sourceTree = "<group>"; };
		B8738BA11906CEA60044FD42 /* UILayers.m */ = {isa = PBXFileReference; fileEncoding = 4; lastKnownFileType = sourcecode.c.objc; path = UILayers.m; sourceTree = "<group>"; };
		B8738BA31906D8B80044FD42 /* UIImage+operation.h */ = {isa = PBXFileReference; fileEncoding = 4; lastKnownFileType = sourcecode.c.h; path = "UIImage+operation.h"; sourceTree = "<group>"; };
		B8738BA41906D8B80044FD42 /* UIImage+operation.m */ = {isa = PBXFileReference; fileEncoding = 4; lastKnownFileType = sourcecode.c.objc; path = "UIImage+operation.m"; sourceTree = "<group>"; };
		B8738BA6190705550044FD42 /* DBOperations_User.h */ = {isa = PBXFileReference; fileEncoding = 4; lastKnownFileType = sourcecode.c.h; path = DBOperations_User.h; sourceTree = "<group>"; };
		B8738BA7190705550044FD42 /* DBOperations_User.m */ = {isa = PBXFileReference; fileEncoding = 4; lastKnownFileType = sourcecode.c.objc; path = DBOperations_User.m; sourceTree = "<group>"; };
		B8AAF2DC18F4547900D287A3 /* EdibleBlueCheese.app */ = {isa = PBXFileReference; explicitFileType = wrapper.application; includeInIndex = 0; path = EdibleBlueCheese.app; sourceTree = BUILT_PRODUCTS_DIR; };
		B8AAF2DF18F4547900D287A3 /* Foundation.framework */ = {isa = PBXFileReference; lastKnownFileType = wrapper.framework; name = Foundation.framework; path = System/Library/Frameworks/Foundation.framework; sourceTree = SDKROOT; };
		B8AAF2E118F4547900D287A3 /* CoreGraphics.framework */ = {isa = PBXFileReference; lastKnownFileType = wrapper.framework; name = CoreGraphics.framework; path = System/Library/Frameworks/CoreGraphics.framework; sourceTree = SDKROOT; };
		B8AAF2E318F4547900D287A3 /* UIKit.framework */ = {isa = PBXFileReference; lastKnownFileType = wrapper.framework; name = UIKit.framework; path = System/Library/Frameworks/UIKit.framework; sourceTree = SDKROOT; };
		B8AAF2E718F4547900D287A3 /* EdibleBlueCheese-Info.plist */ = {isa = PBXFileReference; lastKnownFileType = text.plist.xml; path = "EdibleBlueCheese-Info.plist"; sourceTree = "<group>"; };
		B8AAF2E918F4547900D287A3 /* en */ = {isa = PBXFileReference; lastKnownFileType = text.plist.strings; name = en; path = en.lproj/InfoPlist.strings; sourceTree = "<group>"; };
		B8AAF2EB18F4547900D287A3 /* main.m */ = {isa = PBXFileReference; lastKnownFileType = sourcecode.c.objc; path = main.m; sourceTree = "<group>"; };
		B8AAF2ED18F4547900D287A3 /* EdibleBlueCheese-Prefix.pch */ = {isa = PBXFileReference; lastKnownFileType = sourcecode.c.h; path = "EdibleBlueCheese-Prefix.pch"; sourceTree = "<group>"; };
		B8AAF2EE18F4547900D287A3 /* AppDelegate.h */ = {isa = PBXFileReference; lastKnownFileType = sourcecode.c.h; path = AppDelegate.h; sourceTree = "<group>"; };
		B8AAF2EF18F4547900D287A3 /* AppDelegate.m */ = {isa = PBXFileReference; lastKnownFileType = sourcecode.c.objc; path = AppDelegate.m; sourceTree = "<group>"; };
		B8AAF2F218F4547900D287A3 /* Base */ = {isa = PBXFileReference; lastKnownFileType = file.storyboard; name = Base; path = Base.lproj/Main_iPhone.storyboard; sourceTree = "<group>"; };
		B8AAF2F518F4547900D287A3 /* Base */ = {isa = PBXFileReference; lastKnownFileType = file.storyboard; name = Base; path = Base.lproj/Main_iPad.storyboard; sourceTree = "<group>"; };
		B8AAF2FA18F4547900D287A3 /* Images.xcassets */ = {isa = PBXFileReference; lastKnownFileType = folder.assetcatalog; path = Images.xcassets; sourceTree = "<group>"; };
		B8AAF30018F4547900D287A3 /* EdibleBlueCheeseTests.xctest */ = {isa = PBXFileReference; explicitFileType = wrapper.cfbundle; includeInIndex = 0; path = EdibleBlueCheeseTests.xctest; sourceTree = BUILT_PRODUCTS_DIR; };
		B8AAF30118F4547900D287A3 /* XCTest.framework */ = {isa = PBXFileReference; lastKnownFileType = wrapper.framework; name = XCTest.framework; path = Library/Frameworks/XCTest.framework; sourceTree = DEVELOPER_DIR; };
		B8AAF30918F4547900D287A3 /* EdibleBlueCheeseTests-Info.plist */ = {isa = PBXFileReference; lastKnownFileType = text.plist.xml; path = "EdibleBlueCheeseTests-Info.plist"; sourceTree = "<group>"; };
		B8AAF30B18F4547A00D287A3 /* en */ = {isa = PBXFileReference; lastKnownFileType = text.plist.strings; name = en; path = en.lproj/InfoPlist.strings; sourceTree = "<group>"; };
		B8AAF30D18F4547A00D287A3 /* EdibleBlueCheeseTests.m */ = {isa = PBXFileReference; lastKnownFileType = sourcecode.c.objc; path = EdibleBlueCheeseTests.m; sourceTree = "<group>"; };
		B8AAF31818F47F5B00D287A3 /* LoginRegisterForm.h */ = {isa = PBXFileReference; fileEncoding = 4; lastKnownFileType = sourcecode.c.h; path = LoginRegisterForm.h; sourceTree = "<group>"; };
		B8AAF31918F47F5B00D287A3 /* LoginRegisterForm.m */ = {isa = PBXFileReference; fileEncoding = 4; lastKnownFileType = sourcecode.c.objc; path = LoginRegisterForm.m; sourceTree = "<group>"; };
		B8AAF31A18F47F5B00D287A3 /* UIImage+ImageEffects.h */ = {isa = PBXFileReference; fileEncoding = 4; lastKnownFileType = sourcecode.c.h; path = "UIImage+ImageEffects.h"; sourceTree = "<group>"; };
		B8AAF31B18F47F5B00D287A3 /* UIImage+ImageEffects.m */ = {isa = PBXFileReference; fileEncoding = 4; lastKnownFileType = sourcecode.c.objc; path = "UIImage+ImageEffects.m"; sourceTree = "<group>"; };
		B8AAF31E18F4803000D287A3 /* LoginRegisterViewController.h */ = {isa = PBXFileReference; fileEncoding = 4; lastKnownFileType = sourcecode.c.h; name = LoginRegisterViewController.h; path = ../LoginRegisterViewController.h; sourceTree = "<group>"; };
		B8AAF31F18F4803000D287A3 /* LoginRegisterViewController.m */ = {isa = PBXFileReference; fileEncoding = 4; lastKnownFileType = sourcecode.c.objc; name = LoginRegisterViewController.m; path = ../LoginRegisterViewController.m; sourceTree = "<group>"; };
		B8AAF32518F4846100D287A3 /* ProfileViewController.h */ = {isa = PBXFileReference; fileEncoding = 4; lastKnownFileType = sourcecode.c.h; path = ProfileViewController.h; sourceTree = "<group>"; };
		B8AAF32618F4846100D287A3 /* ProfileViewController.m */ = {isa = PBXFileReference; fileEncoding = 4; lastKnownFileType = sourcecode.c.objc; path = ProfileViewController.m; sourceTree = "<group>"; };
		B8AAF36C18F488E500D287A3 /* AnimateLabel.h */ = {isa = PBXFileReference; fileEncoding = 4; lastKnownFileType = sourcecode.c.h; path = AnimateLabel.h; sourceTree = "<group>"; };
		B8AAF36D18F488E500D287A3 /* AnimateLabel.m */ = {isa = PBXFileReference; fileEncoding = 4; lastKnownFileType = sourcecode.c.objc; path = AnimateLabel.m; sourceTree = "<group>"; };
		B8AAF37418F48E4C00D287A3 /* SQLConnector.h */ = {isa = PBXFileReference; fileEncoding = 4; lastKnownFileType = sourcecode.c.h; path = SQLConnector.h; sourceTree = "<group>"; };
		B8AAF37518F48E4C00D287A3 /* SQLConnector.m */ = {isa = PBXFileReference; fileEncoding = 4; lastKnownFileType = sourcecode.c.objc; path = SQLConnector.m; sourceTree = "<group>"; };
		B8AAF37718F48E8D00D287A3 /* libsqlite3.0.dylib */ = {isa = PBXFileReference; lastKnownFileType = "compiled.mach-o.dylib"; name = libsqlite3.0.dylib; path = usr/lib/libsqlite3.0.dylib; sourceTree = SDKROOT; };
		B8AAF37D18F49F4100D287A3 /* LoginDemo.jpg */ = {isa = PBXFileReference; lastKnownFileType = image.jpeg; path = LoginDemo.jpg; sourceTree = "<group>"; };
		B8B69D6419108E4700DEF80A /* SearchResultViewController.h */ = {isa = PBXFileReference; fileEncoding = 4; lastKnownFileType = sourcecode.c.h; path = SearchResultViewController.h; sourceTree = "<group>"; };
		B8B69D6519108E4700DEF80A /* SearchResultViewController.m */ = {isa = PBXFileReference; fileEncoding = 4; lastKnownFileType = sourcecode.c.objc; path = SearchResultViewController.m; sourceTree = "<group>"; };
		B8B69D761912D07E00DEF80A /* DiscoveryViewController.h */ = {isa = PBXFileReference; fileEncoding = 4; lastKnownFileType = sourcecode.c.h; path = DiscoveryViewController.h; sourceTree = "<group>"; };
		B8B69D771912D07E00DEF80A /* DiscoveryViewController.m */ = {isa = PBXFileReference; fileEncoding = 4; lastKnownFileType = sourcecode.c.objc; path = DiscoveryViewController.m; sourceTree = "<group>"; };
		B8B69D781912D07E00DEF80A /* EdibleCollectionCell.h */ = {isa = PBXFileReference; fileEncoding = 4; lastKnownFileType = sourcecode.c.h; path = EdibleCollectionCell.h; sourceTree = "<group>"; };
		B8B69D791912D07E00DEF80A /* EdibleCollectionCell.m */ = {isa = PBXFileReference; fileEncoding = 4; lastKnownFileType = sourcecode.c.objc; path = EdibleCollectionCell.m; sourceTree = "<group>"; };
		B8B69D7C1912D6BB00DEF80A /* discover_walking.jpg */ = {isa = PBXFileReference; lastKnownFileType = image.jpeg; path = discover_walking.jpg; sourceTree = "<group>"; };
		B8B69D811913262600DEF80A /* discover.png */ = {isa = PBXFileReference; lastKnownFileType = image.png; path = discover.png; sourceTree = "<group>"; };
		B8B69D821913262600DEF80A /* discover@2x.png */ = {isa = PBXFileReference; lastKnownFileType = image.png; path = "discover@2x.png"; sourceTree = "<group>"; };
		B8B69D891913489200DEF80A /* right_arrow.png */ = {isa = PBXFileReference; lastKnownFileType = image.png; path = right_arrow.png; sourceTree = "<group>"; };
		B8B69D8A1913489200DEF80A /* right_arrow@2x.png */ = {isa = PBXFileReference; lastKnownFileType = image.png; path = "right_arrow@2x.png"; sourceTree = "<group>"; };
		B8B69D8F191354F900DEF80A /* discover_restaurant.jpg */ = {isa = PBXFileReference; lastKnownFileType = image.jpeg; path = discover_restaurant.jpg; sourceTree = "<group>"; };
		B8B69D911913554100DEF80A /* discover_oldbuilding.jpg */ = {isa = PBXFileReference; lastKnownFileType = image.jpeg; path = discover_oldbuilding.jpg; sourceTree = "<group>"; };
		B8B69D9319135ACA00DEF80A /* friends_QR.png */ = {isa = PBXFileReference; lastKnownFileType = image.png; path = friends_QR.png; sourceTree = "<group>"; };
		B8B69D9419135ACA00DEF80A /* friends_QR@2x.png */ = {isa = PBXFileReference; lastKnownFileType = image.png; path = "friends_QR@2x.png"; sourceTree = "<group>"; };
		B8B69D9719135ACA00DEF80A /* tabbar_eat.png */ = {isa = PBXFileReference; lastKnownFileType = image.png; path = tabbar_eat.png; sourceTree = "<group>"; };
		B8B69D9819135ACA00DEF80A /* tabbar_eat@2x.png */ = {isa = PBXFileReference; lastKnownFileType = image.png; path = "tabbar_eat@2x.png"; sourceTree = "<group>"; };
		B8B69D9919135ACA00DEF80A /* 0075.png */ = {isa = PBXFileReference; lastKnownFileType = image.png; path = 0075.png; sourceTree = "<group>"; };
		B8B69D9A19135ACA00DEF80A /* 0075@2x.png */ = {isa = PBXFileReference; lastKnownFileType = image.png; path = "0075@2x.png"; sourceTree = "<group>"; };
		B8B69D9B19135ACA00DEF80A /* setting_orange.png */ = {isa = PBXFileReference; lastKnownFileType = image.png; path = setting_orange.png; sourceTree = "<group>"; };
		B8B69D9C19135ACA00DEF80A /* setting_orange@2x.png */ = {isa = PBXFileReference; lastKnownFileType = image.png; path = "setting_orange@2x.png"; sourceTree = "<group>"; };
		B8B69D9D19135ACA00DEF80A /* setting_tomato.png */ = {isa = PBXFileReference; lastKnownFileType = image.png; path = setting_tomato.png; sourceTree = "<group>"; };
		B8B69D9E19135ACA00DEF80A /* setting_tomato@2x.png */ = {isa = PBXFileReference; lastKnownFileType = image.png; path = "setting_tomato@2x.png"; sourceTree = "<group>"; };
		B8B69D9F19135ACA00DEF80A /* setting_mushroom.png */ = {isa = PBXFileReference; lastKnownFileType = image.png; path = setting_mushroom.png; sourceTree = "<group>"; };
		B8B69DA019135ACA00DEF80A /* setting_mushroom@2x.png */ = {isa = PBXFileReference; lastKnownFileType = image.png; path = "setting_mushroom@2x.png"; sourceTree = "<group>"; };
		B8B69DA119135ACA00DEF80A /* tabbar_me.png */ = {isa = PBXFileReference; lastKnownFileType = image.png; path = tabbar_me.png; sourceTree = "<group>"; };
		B8B69DA219135ACA00DEF80A /* tabbar_me@2x.png */ = {isa = PBXFileReference; lastKnownFileType = image.png; path = "tabbar_me@2x.png"; sourceTree = "<group>"; };
		B8B69DA319135ACA00DEF80A /* setting_carrot.png */ = {isa = PBXFileReference; lastKnownFileType = image.png; path = setting_carrot.png; sourceTree = "<group>"; };
		B8B69DA419135ACA00DEF80A /* setting_carrot@2x.png */ = {isa = PBXFileReference; lastKnownFileType = image.png; path = "setting_carrot@2x.png"; sourceTree = "<group>"; };
		B8B69DA519135ACA00DEF80A /* 0190.png */ = {isa = PBXFileReference; lastKnownFileType = image.png; path = 0190.png; sourceTree = "<group>"; };
		B8B69DA619135ACA00DEF80A /* 0190@2x.png */ = {isa = PBXFileReference; lastKnownFileType = image.png; path = "0190@2x.png"; sourceTree = "<group>"; };
		B8B69DA719135ACA00DEF80A /* 0194.png */ = {isa = PBXFileReference; lastKnownFileType = image.png; path = 0194.png; sourceTree = "<group>"; };
		B8B69DA819135ACA00DEF80A /* 0194@2x.png */ = {isa = PBXFileReference; lastKnownFileType = image.png; path = "0194@2x.png"; sourceTree = "<group>"; };
		B8B69DA919135ACA00DEF80A /* 0196.png */ = {isa = PBXFileReference; lastKnownFileType = image.png; path = 0196.png; sourceTree = "<group>"; };
		B8B69DAA19135ACA00DEF80A /* 0196@2x.png */ = {isa = PBXFileReference; lastKnownFileType = image.png; path = "0196@2x.png"; sourceTree = "<group>"; };
		B8B69DAB19135ACA00DEF80A /* 0229.png */ = {isa = PBXFileReference; lastKnownFileType = image.png; path = 0229.png; sourceTree = "<group>"; };
		B8B69DAC19135ACA00DEF80A /* 0229@2x.png */ = {isa = PBXFileReference; lastKnownFileType = image.png; path = "0229@2x.png"; sourceTree = "<group>"; };
		B8B69DAD19135ACA00DEF80A /* setting_setting.png */ = {isa = PBXFileReference; lastKnownFileType = image.png; path = setting_setting.png; sourceTree = "<group>"; };
		B8B69DAE19135ACA00DEF80A /* setting_setting@2x.png */ = {isa = PBXFileReference; lastKnownFileType = image.png; path = "setting_setting@2x.png"; sourceTree = "<group>"; };
		B8B69DAF19135ACA00DEF80A /* tabbar_camera.png */ = {isa = PBXFileReference; lastKnownFileType = image.png; path = tabbar_camera.png; sourceTree = "<group>"; };
		B8B69DB019135ACA00DEF80A /* tabbar_camera@2x.png */ = {isa = PBXFileReference; lastKnownFileType = image.png; path = "tabbar_camera@2x.png"; sourceTree = "<group>"; };
		B8B69DCF19136C9200DEF80A /* discover_bridge.jpg */ = {isa = PBXFileReference; lastKnownFileType = image.jpeg; path = discover_bridge.jpg; sourceTree = "<group>"; };
		B8B69DD019136C9200DEF80A /* discover_river.jpg */ = {isa = PBXFileReference; lastKnownFileType = image.jpeg; path = discover_river.jpg; sourceTree = "<group>"; };
		B8BC420C19031F6C00485705 /* 1.jpg */ = {isa = PBXFileReference; lastKnownFileType = image.jpeg; path = 1.jpg; sourceTree = "<group>"; };
		B8BC420D19031F6C00485705 /* 2.jpg */ = {isa = PBXFileReference; lastKnownFileType = image.jpeg; path = 2.jpg; sourceTree = "<group>"; };
		B8BC420E19031F6C00485705 /* 3.jpg */ = {isa = PBXFileReference; lastKnownFileType = image.jpeg; path = 3.jpg; sourceTree = "<group>"; };
		B8BC420F19031F6C00485705 /* 4.jpg */ = {isa = PBXFileReference; lastKnownFileType = image.jpeg; path = 4.jpg; sourceTree = "<group>"; };
		B8BC421019031F6C00485705 /* 5.jpg */ = {isa = PBXFileReference; lastKnownFileType = image.jpeg; path = 5.jpg; sourceTree = "<group>"; };
		B8BC421119031F6C00485705 /* 6.jpg */ = {isa = PBXFileReference; lastKnownFileType = image.jpeg; path = 6.jpg; sourceTree = "<group>"; };
		B8BC421219031F6C00485705 /* CardScrollView.h */ = {isa = PBXFileReference; fileEncoding = 4; lastKnownFileType = sourcecode.c.h; path = CardScrollView.h; sourceTree = "<group>"; };
		B8BC421319031F6C00485705 /* CardScrollView.m */ = {isa = PBXFileReference; fileEncoding = 4; lastKnownFileType = sourcecode.c.objc; path = CardScrollView.m; sourceTree = "<group>"; };
		B8BC421B19031F8400485705 /* CardCollectionViewController.h */ = {isa = PBXFileReference; fileEncoding = 4; lastKnownFileType = sourcecode.c.h; path = CardCollectionViewController.h; sourceTree = "<group>"; };
		B8BC421C19031F8400485705 /* CardCollectionViewController.m */ = {isa = PBXFileReference; fileEncoding = 4; lastKnownFileType = sourcecode.c.objc; path = CardCollectionViewController.m; sourceTree = "<group>"; };
		B8BC423219034E0700485705 /* UIViewController+ScrollingNavbar.h */ = {isa = PBXFileReference; fileEncoding = 4; lastKnownFileType = sourcecode.c.h; path = "UIViewController+ScrollingNavbar.h"; sourceTree = "<group>"; };
		B8BC423319034E0700485705 /* UIViewController+ScrollingNavbar.m */ = {isa = PBXFileReference; fileEncoding = 4; lastKnownFileType = sourcecode.c.objc; path = "UIViewController+ScrollingNavbar.m"; sourceTree = "<group>"; };
		B8D1CAB318FE0326001AFA11 /* AsyncRequest.h */ = {isa = PBXFileReference; fileEncoding = 4; lastKnownFileType = sourcecode.c.h; path = AsyncRequest.h; sourceTree = "<group>"; };
		B8D1CAB418FE0326001AFA11 /* AsyncRequest.m */ = {isa = PBXFileReference; fileEncoding = 4; lastKnownFileType = sourcecode.c.objc; path = AsyncRequest.m; sourceTree = "<group>"; };
		B8E1D5321909899A00CB8C1C /* MeViewController.h */ = {isa = PBXFileReference; fileEncoding = 4; lastKnownFileType = sourcecode.c.h; path = MeViewController.h; sourceTree = "<group>"; };
		B8E1D5331909899A00CB8C1C /* MeViewController.m */ = {isa = PBXFileReference; fileEncoding = 4; lastKnownFileType = sourcecode.c.objc; path = MeViewController.m; sourceTree = "<group>"; };
		B8E1D53519099F8C00CB8C1C /* SettingsViewController.h */ = {isa = PBXFileReference; fileEncoding = 4; lastKnownFileType = sourcecode.c.h; path = SettingsViewController.h; sourceTree = "<group>"; };
		B8E1D53619099F8C00CB8C1C /* SettingsViewController.m */ = {isa = PBXFileReference; fileEncoding = 4; lastKnownFileType = sourcecode.c.objc; path = SettingsViewController.m; sourceTree = "<group>"; };
		B8E1D5411909ABCF00CB8C1C /* BadgeTableCell.h */ = {isa = PBXFileReference; fileEncoding = 4; lastKnownFileType = sourcecode.c.h; path = BadgeTableCell.h; sourceTree = "<group>"; };
		B8E1D5421909ABCF00CB8C1C /* BadgeTableCell.m */ = {isa = PBXFileReference; fileEncoding = 4; lastKnownFileType = sourcecode.c.objc; path = BadgeTableCell.m; sourceTree = "<group>"; };
		B8E1D547190A1C0E00CB8C1C /* AccountViewController.h */ = {isa = PBXFileReference; fileEncoding = 4; lastKnownFileType = sourcecode.c.h; path = AccountViewController.h; sourceTree = "<group>"; };
		B8E1D548190A1C0E00CB8C1C /* AccountViewController.m */ = {isa = PBXFileReference; fileEncoding = 4; lastKnownFileType = sourcecode.c.objc; path = AccountViewController.m; sourceTree = "<group>"; };
		B8E1D54D190A293D00CB8C1C /* ModifyViewController.h */ = {isa = PBXFileReference; fileEncoding = 4; lastKnownFileType = sourcecode.c.h; path = ModifyViewController.h; sourceTree = "<group>"; };
		B8E1D54E190A293D00CB8C1C /* ModifyViewController.m */ = {isa = PBXFileReference; fileEncoding = 4; lastKnownFileType = sourcecode.c.objc; path = ModifyViewController.m; sourceTree = "<group>"; };
		B8E1D595190AF7FE00CB8C1C /* NSString+FontAwesome.h */ = {isa = PBXFileReference; fileEncoding = 4; lastKnownFileType = sourcecode.c.h; path = "NSString+FontAwesome.h"; sourceTree = "<group>"; };
		B8E1D596190AF7FE00CB8C1C /* NSString+FontAwesome.m */ = {isa = PBXFileReference; fileEncoding = 4; lastKnownFileType = sourcecode.c.objc; path = "NSString+FontAwesome.m"; sourceTree = "<group>"; };
		B8E1D597190AF7FE00CB8C1C /* UIButton+Bootstrap.h */ = {isa = PBXFileReference; fileEncoding = 4; lastKnownFileType = sourcecode.c.h; path = "UIButton+Bootstrap.h"; sourceTree = "<group>"; };
		B8E1D598190AF7FE00CB8C1C /* UIButton+Bootstrap.m */ = {isa = PBXFileReference; fileEncoding = 4; lastKnownFileType = sourcecode.c.objc; path = "UIButton+Bootstrap.m"; sourceTree = "<group>"; };
		B8E1D59B190AFF9E00CB8C1C /* FontSettings.h */ = {isa = PBXFileReference; fileEncoding = 4; lastKnownFileType = sourcecode.c.h; path = FontSettings.h; sourceTree = "<group>"; };
		B8E1D59C190AFF9E00CB8C1C /* FontSettings.m */ = {isa = PBXFileReference; fileEncoding = 4; lastKnownFileType = sourcecode.c.objc; path = FontSettings.m; sourceTree = "<group>"; };
		B8E1D59E190B723100CB8C1C /* PasswordViewController.h */ = {isa = PBXFileReference; fileEncoding = 4; lastKnownFileType = sourcecode.c.h; path = PasswordViewController.h; sourceTree = "<group>"; };
		B8E1D59F190B723100CB8C1C /* PasswordViewController.m */ = {isa = PBXFileReference; fileEncoding = 4; lastKnownFileType = sourcecode.c.objc; path = PasswordViewController.m; sourceTree = "<group>"; };
		B8E1D5EA190C1C7300CB8C1C /* QuartzCore.framework */ = {isa = PBXFileReference; lastKnownFileType = wrapper.framework; name = QuartzCore.framework; path = System/Library/Frameworks/QuartzCore.framework; sourceTree = SDKROOT; };
		B8E1D5F0190C224B00CB8C1C /* SVProgressHUD.h */ = {isa = PBXFileReference; fileEncoding = 4; lastKnownFileType = sourcecode.c.h; path = SVProgressHUD.h; sourceTree = "<group>"; };
		B8E1D5F1190C224B00CB8C1C /* SVProgressHUD.m */ = {isa = PBXFileReference; fileEncoding = 4; lastKnownFileType = sourcecode.c.objc; path = SVProgressHUD.m; sourceTree = "<group>"; };
		B8E1D5F2190C224B00CB8C1C /* SVProgressHUD.bundle */ = {isa = PBXFileReference; lastKnownFileType = "wrapper.plug-in"; path = SVProgressHUD.bundle; sourceTree = "<group>"; };
		B8E1D5FF190C68C600CB8C1C /* User.h */ = {isa = PBXFileReference; fileEncoding = 4; lastKnownFileType = sourcecode.c.h; path = User.h; sourceTree = "<group>"; };
		B8E1D600190C68C600CB8C1C /* User.m */ = {isa = PBXFileReference; fileEncoding = 4; lastKnownFileType = sourcecode.c.objc; path = User.m; sourceTree = "<group>"; };
		B8E6099D1908A56000DBD4C1 /* UIAlertView+Blocks.h */ = {isa = PBXFileReference; fileEncoding = 4; lastKnownFileType = sourcecode.c.h; path = "UIAlertView+Blocks.h"; sourceTree = "<group>"; };
		B8E6099E1908A56000DBD4C1 /* UIAlertView+Blocks.m */ = {isa = PBXFileReference; fileEncoding = 4; lastKnownFileType = sourcecode.c.objc; path = "UIAlertView+Blocks.m"; sourceTree = "<group>"; };
		B8FA45B518F5CA78007DA680 /* FormValidator.h */ = {isa = PBXFileReference; fileEncoding = 4; lastKnownFileType = sourcecode.c.h; path = FormValidator.h; sourceTree = "<group>"; };
		B8FA45B618F5CA78007DA680 /* FormValidator.m */ = {isa = PBXFileReference; fileEncoding = 4; lastKnownFileType = sourcecode.c.objc; path = FormValidator.m; sourceTree = "<group>"; };
		B8FA45BB18F5D8E7007DA680 /* EdibleAlertView.h */ = {isa = PBXFileReference; fileEncoding = 4; lastKnownFileType = sourcecode.c.h; path = EdibleAlertView.h; sourceTree = "<group>"; };
		B8FA45BC18F5D8E7007DA680 /* EdibleAlertView.m */ = {isa = PBXFileReference; fileEncoding = 4; lastKnownFileType = sourcecode.c.objc; path = EdibleAlertView.m; sourceTree = "<group>"; };
		B8FA45BD18F5D8E7007DA680 /* EdibleAlertView.xib */ = {isa = PBXFileReference; fileEncoding = 4; lastKnownFileType = file.xib; path = EdibleAlertView.xib; sourceTree = "<group>"; };
		B8FA45C118F5D8ED007DA680 /* UIViewController+MaryPopin.h */ = {isa = PBXFileReference; fileEncoding = 4; lastKnownFileType = sourcecode.c.h; path = "UIViewController+MaryPopin.h"; sourceTree = "<group>"; };
		B8FA45C218F5D8ED007DA680 /* UIViewController+MaryPopin.m */ = {isa = PBXFileReference; fileEncoding = 4; lastKnownFileType = sourcecode.c.objc; path = "UIViewController+MaryPopin.m"; sourceTree = "<group>"; };
		B8FA45C718F72E55007DA680 /* ImagePlaceholderHelper.h */ = {isa = PBXFileReference; fileEncoding = 4; lastKnownFileType = sourcecode.c.h; path = ImagePlaceholderHelper.h; sourceTree = "<group>"; };
		B8FA45C818F72E56007DA680 /* ImagePlaceholderHelper.m */ = {isa = PBXFileReference; fileEncoding = 4; lastKnownFileType = sourcecode.c.objc; path = ImagePlaceholderHelper.m; sourceTree = "<group>"; };
		B8FA45C918F72E56007DA680 /* UIImageView+Placeholder.h */ = {isa = PBXFileReference; fileEncoding = 4; lastKnownFileType = sourcecode.c.h; path = "UIImageView+Placeholder.h"; sourceTree = "<group>"; };
		B8FA45CA18F72E56007DA680 /* UIImageView+Placeholder.m */ = {isa = PBXFileReference; fileEncoding = 4; lastKnownFileType = sourcecode.c.objc; path = "UIImageView+Placeholder.m"; sourceTree = "<group>"; };
/* End PBXFileReference section */

/* Begin PBXFrameworksBuildPhase section */
		B8AAF2D918F4547900D287A3 /* Frameworks */ = {
			isa = PBXFrameworksBuildPhase;
			buildActionMask = 2147483647;
			files = (
				B8E1D5EB190C1C7300CB8C1C /* QuartzCore.framework in Frameworks */,
				B8AAF37818F48E8D00D287A3 /* libsqlite3.0.dylib in Frameworks */,
				B8AAF2E218F4547900D287A3 /* CoreGraphics.framework in Frameworks */,
				B8AAF2E418F4547900D287A3 /* UIKit.framework in Frameworks */,
				B8AAF2E018F4547900D287A3 /* Foundation.framework in Frameworks */,
			);
			runOnlyForDeploymentPostprocessing = 0;
		};
		B8AAF2FD18F4547900D287A3 /* Frameworks */ = {
			isa = PBXFrameworksBuildPhase;
			buildActionMask = 2147483647;
			files = (
				B8AAF30218F4547900D287A3 /* XCTest.framework in Frameworks */,
				B8AAF30418F4547900D287A3 /* UIKit.framework in Frameworks */,
				B8AAF30318F4547900D287A3 /* Foundation.framework in Frameworks */,
			);
			runOnlyForDeploymentPostprocessing = 0;
		};
/* End PBXFrameworksBuildPhase section */

/* Begin PBXGroup section */
		B8738B9F1906CE730044FD42 /* Settings */ = {
			isa = PBXGroup;
			children = (
				B8738B7019046C740044FD42 /* NavBarSetting.h */,
				B8738B7119046C740044FD42 /* NavBarSetting.m */,
				B8738BA01906CEA60044FD42 /* UILayers.h */,
				B8738BA11906CEA60044FD42 /* UILayers.m */,
				B8E1D59B190AFF9E00CB8C1C /* FontSettings.h */,
				B8E1D59C190AFF9E00CB8C1C /* FontSettings.m */,
				B8157CC2190EEB3900C3BE8C /* edi_md5.h */,
				B8157CC3190EEB3900C3BE8C /* edi_md5.m */,
			);
			name = Settings;
			sourceTree = "<group>";
		};
		B8AAF2D318F4547900D287A3 = {
			isa = PBXGroup;
			children = (
				B8AAF2E518F4547900D287A3 /* EdibleBlueCheese */,
				B8AAF30718F4547900D287A3 /* EdibleBlueCheeseTests */,
				B8AAF2DE18F4547900D287A3 /* Frameworks */,
				B8AAF2DD18F4547900D287A3 /* Products */,
			);
			sourceTree = "<group>";
		};
		B8AAF2DD18F4547900D287A3 /* Products */ = {
			isa = PBXGroup;
			children = (
				B8AAF2DC18F4547900D287A3 /* EdibleBlueCheese.app */,
				B8AAF30018F4547900D287A3 /* EdibleBlueCheeseTests.xctest */,
			);
			name = Products;
			sourceTree = "<group>";
		};
		B8AAF2DE18F4547900D287A3 /* Frameworks */ = {
			isa = PBXGroup;
			children = (
				B8E1D5EA190C1C7300CB8C1C /* QuartzCore.framework */,
				B8AAF37718F48E8D00D287A3 /* libsqlite3.0.dylib */,
				B8AAF2DF18F4547900D287A3 /* Foundation.framework */,
				B8AAF2E118F4547900D287A3 /* CoreGraphics.framework */,
				B8AAF2E318F4547900D287A3 /* UIKit.framework */,
				B8AAF30118F4547900D287A3 /* XCTest.framework */,
			);
			name = Frameworks;
			sourceTree = "<group>";
		};
		B8AAF2E518F4547900D287A3 /* EdibleBlueCheese */ = {
			isa = PBXGroup;
			children = (
				B8738B9F1906CE730044FD42 /* Settings */,
				B8BC422219034DEC00485705 /* Tmp */,
				B8AAF2F118F4547900D287A3 /* Main_iPhone.storyboard */,
				B80129E9191437DE007D2F6B /* NavigationViewController.h */,
				B80129EA191437DE007D2F6B /* NavigationViewController.m */,
				B8D1CAB318FE0326001AFA11 /* AsyncRequest.h */,
				B8D1CAB418FE0326001AFA11 /* AsyncRequest.m */,
				B8AAF31718F47F3200D287A3 /* LoginRegister */,
				B8BC420B19031F5800485705 /* Card */,
				B8E1D52E1909890200CB8C1C /* Me */,
				B8AAF37018F48CA900D287A3 /* Classes */,
				B8AAF36F18F48CA000D287A3 /* Database */,
				B8AAF32218F481F700D287A3 /* Images */,
				B8AAF2FA18F4547900D287A3 /* Images.xcassets */,
				B8AAF2E618F4547900D287A3 /* Supporting Files */,
			);
			path = EdibleBlueCheese;
			sourceTree = "<group>";
		};
		B8AAF2E618F4547900D287A3 /* Supporting Files */ = {
			isa = PBXGroup;
			children = (
				B8AAF2F418F4547900D287A3 /* Main_iPad.storyboard */,
				B8AAF2EE18F4547900D287A3 /* AppDelegate.h */,
				B8AAF2EF18F4547900D287A3 /* AppDelegate.m */,
				B8AAF2E718F4547900D287A3 /* EdibleBlueCheese-Info.plist */,
				B8AAF2E818F4547900D287A3 /* InfoPlist.strings */,
				B8AAF2EB18F4547900D287A3 /* main.m */,
				B8AAF2ED18F4547900D287A3 /* EdibleBlueCheese-Prefix.pch */,
			);
			name = "Supporting Files";
			sourceTree = "<group>";
		};
		B8AAF30718F4547900D287A3 /* EdibleBlueCheeseTests */ = {
			isa = PBXGroup;
			children = (
				B8AAF30D18F4547A00D287A3 /* EdibleBlueCheeseTests.m */,
				B8AAF30818F4547900D287A3 /* Supporting Files */,
			);
			path = EdibleBlueCheeseTests;
			sourceTree = "<group>";
		};
		B8AAF30818F4547900D287A3 /* Supporting Files */ = {
			isa = PBXGroup;
			children = (
				B8AAF30918F4547900D287A3 /* EdibleBlueCheeseTests-Info.plist */,
				B8AAF30A18F4547A00D287A3 /* InfoPlist.strings */,
			);
			name = "Supporting Files";
			sourceTree = "<group>";
		};
		B8AAF31718F47F3200D287A3 /* LoginRegister */ = {
			isa = PBXGroup;
			children = (
				B8AAF32118F4804100D287A3 /* HelperClasses_LR */,
				B8AAF31E18F4803000D287A3 /* LoginRegisterViewController.h */,
				B8AAF31F18F4803000D287A3 /* LoginRegisterViewController.m */,
			);
			name = LoginRegister;
			sourceTree = "<group>";
		};
		B8AAF32118F4804100D287A3 /* HelperClasses_LR */ = {
			isa = PBXGroup;
			children = (
				B8FA45B818F5D8C5007DA680 /* AlertView */,
				B8AAF36C18F488E500D287A3 /* AnimateLabel.h */,
				B8AAF36D18F488E500D287A3 /* AnimateLabel.m */,
				B8AAF31818F47F5B00D287A3 /* LoginRegisterForm.h */,
				B8AAF31918F47F5B00D287A3 /* LoginRegisterForm.m */,
				B8AAF31A18F47F5B00D287A3 /* UIImage+ImageEffects.h */,
				B8AAF31B18F47F5B00D287A3 /* UIImage+ImageEffects.m */,
				B8FA45B518F5CA78007DA680 /* FormValidator.h */,
				B8FA45B618F5CA78007DA680 /* FormValidator.m */,
				B8738B9C190634730044FD42 /* LoadingAnimation.h */,
				B8738B9D190634730044FD42 /* LoadingAnimation.m */,
				B8E6099D1908A56000DBD4C1 /* UIAlertView+Blocks.h */,
				B8E6099E1908A56000DBD4C1 /* UIAlertView+Blocks.m */,
			);
			name = HelperClasses_LR;
			sourceTree = "<group>";
		};
		B8AAF32218F481F700D287A3 /* Images */ = {
			isa = PBXGroup;
			children = (
				B8B69D9319135ACA00DEF80A /* friends_QR.png */,
				B8B69D9419135ACA00DEF80A /* friends_QR@2x.png */,
				B8B69D9719135ACA00DEF80A /* tabbar_eat.png */,
				B8B69D9819135ACA00DEF80A /* tabbar_eat@2x.png */,
				B8B69D9919135ACA00DEF80A /* 0075.png */,
				B8B69D9A19135ACA00DEF80A /* 0075@2x.png */,
				B8B69D9B19135ACA00DEF80A /* setting_orange.png */,
				B8B69D9C19135ACA00DEF80A /* setting_orange@2x.png */,
				B8B69D9D19135ACA00DEF80A /* setting_tomato.png */,
				B8B69D9E19135ACA00DEF80A /* setting_tomato@2x.png */,
				B8B69D9F19135ACA00DEF80A /* setting_mushroom.png */,
				B8B69DA019135ACA00DEF80A /* setting_mushroom@2x.png */,
				B8B69DA119135ACA00DEF80A /* tabbar_me.png */,
				B8B69DA219135ACA00DEF80A /* tabbar_me@2x.png */,
				B8B69DA319135ACA00DEF80A /* setting_carrot.png */,
				B8B69DA419135ACA00DEF80A /* setting_carrot@2x.png */,
				B8B69DA519135ACA00DEF80A /* 0190.png */,
				B8B69DA619135ACA00DEF80A /* 0190@2x.png */,
				B8B69DA719135ACA00DEF80A /* 0194.png */,
				B8B69DA819135ACA00DEF80A /* 0194@2x.png */,
				B8B69DA919135ACA00DEF80A /* 0196.png */,
				B8B69DAA19135ACA00DEF80A /* 0196@2x.png */,
				B8B69DAB19135ACA00DEF80A /* 0229.png */,
				B8B69DAC19135ACA00DEF80A /* 0229@2x.png */,
				B8B69DAD19135ACA00DEF80A /* setting_setting.png */,
				B8B69DAE19135ACA00DEF80A /* setting_setting@2x.png */,
				B8B69DAF19135ACA00DEF80A /* tabbar_camera.png */,
				B8B69DB019135ACA00DEF80A /* tabbar_camera@2x.png */,
				B8B69DCF19136C9200DEF80A /* discover_bridge.jpg */,
				B8B69DD019136C9200DEF80A /* discover_river.jpg */,
				B8B69D8F191354F900DEF80A /* discover_restaurant.jpg */,
				B8B69D911913554100DEF80A /* discover_oldbuilding.jpg */,
				B8B69D7C1912D6BB00DEF80A /* discover_walking.jpg */,
				B8B69D891913489200DEF80A /* right_arrow.png */,
				B8B69D8A1913489200DEF80A /* right_arrow@2x.png */,
				B8B69D811913262600DEF80A /* discover.png */,
				B8B69D821913262600DEF80A /* discover@2x.png */,
				B8738B8A190473790044FD42 /* mycover.jpg */,
				B8738B8C190479470044FD42 /* cafe@2x.png */,
				B8738B8D190479470044FD42 /* cafe.png */,
				B8738B8E190479470044FD42 /* drink@2x.png */,
				B8738B8F190479470044FD42 /* drink.png */,
				B8738B90190479470044FD42 /* eat@2x.png */,
				B8738B91190479470044FD42 /* eat.png */,
				B8738B92190479470044FD42 /* home@2x.png */,
				B8738B93190479470044FD42 /* home.png */,
				B8BC420C19031F6C00485705 /* 1.jpg */,
				B8BC420D19031F6C00485705 /* 2.jpg */,
				B8BC420E19031F6C00485705 /* 3.jpg */,
				B8BC420F19031F6C00485705 /* 4.jpg */,
				B8BC421019031F6C00485705 /* 5.jpg */,
				B8BC421119031F6C00485705 /* 6.jpg */,
				B8AAF37D18F49F4100D287A3 /* LoginDemo.jpg */,
			);
			name = Images;
			sourceTree = "<group>";
		};
		B8AAF36F18F48CA000D287A3 /* Database */ = {
			isa = PBXGroup;
			children = (
				B8AAF37418F48E4C00D287A3 /* SQLConnector.h */,
				B8AAF37518F48E4C00D287A3 /* SQLConnector.m */,
				B8738BA6190705550044FD42 /* DBOperations_User.h */,
				B8738BA7190705550044FD42 /* DBOperations_User.m */,
			);
			name = Database;
			sourceTree = "<group>";
		};
		B8AAF37018F48CA900D287A3 /* Classes */ = {
			isa = PBXGroup;
			children = (
				B8E1D5FF190C68C600CB8C1C /* User.h */,
				B8E1D600190C68C600CB8C1C /* User.m */,
				B8012A331914B09F007D2F6B /* StorageFile.h */,
				B8012A341914B09F007D2F6B /* StorageFile.m */,
				B8012A39191580D5007D2F6B /* ImageProcessing.h */,
				B8012A3A191580D5007D2F6B /* ImageProcessing.m */,
			);
			name = Classes;
			sourceTree = "<group>";
		};
		B8BC420B19031F5800485705 /* Card */ = {
			isa = PBXGroup;
			children = (
				B8BC421219031F6C00485705 /* CardScrollView.h */,
				B8BC421319031F6C00485705 /* CardScrollView.m */,
				B8BC421B19031F8400485705 /* CardCollectionViewController.h */,
				B8BC421C19031F8400485705 /* CardCollectionViewController.m */,
			);
			name = Card;
			sourceTree = "<group>";
		};
		B8BC422219034DEC00485705 /* Tmp */ = {
			isa = PBXGroup;
			children = (
				B8738B6E19046C740044FD42 /* ScrollViewController.h */,
				B8738B6F19046C740044FD42 /* ScrollViewController.m */,
				B8738B7219046C740044FD42 /* TableViewController.h */,
				B8738B7319046C740044FD42 /* TableViewController.m */,
				B8738B7419046C740044FD42 /* CollectionViewController.h */,
				B8738B7519046C740044FD42 /* CollectionViewController.m */,
				B8BC423219034E0700485705 /* UIViewController+ScrollingNavbar.h */,
				B8BC423319034E0700485705 /* UIViewController+ScrollingNavbar.m */,
				B8157CC8191013C800C3BE8C /* FindContactsViewController.h */,
				B8157CC9191013C800C3BE8C /* FindContactsViewController.m */,
				B8B69D6419108E4700DEF80A /* SearchResultViewController.h */,
				B8B69D6519108E4700DEF80A /* SearchResultViewController.m */,
				B8B69D761912D07E00DEF80A /* DiscoveryViewController.h */,
				B8B69D771912D07E00DEF80A /* DiscoveryViewController.m */,
				B8B69D781912D07E00DEF80A /* EdibleCollectionCell.h */,
				B8B69D791912D07E00DEF80A /* EdibleCollectionCell.m */,
			);
			name = Tmp;
			sourceTree = "<group>";
		};
		B8E1D52E1909890200CB8C1C /* Me */ = {
			isa = PBXGroup;
			children = (
				B8E1D5451909B20D00CB8C1C /* HelperClasses_Me */,
				B8FA45C518F72DF7007DA680 /* Profile */,
				B8E1D5461909B22B00CB8C1C /* Settings */,
				B8E1D5321909899A00CB8C1C /* MeViewController.h */,
				B8E1D5331909899A00CB8C1C /* MeViewController.m */,
			);
			name = Me;
			path = ..;
			sourceTree = "<group>";
		};
		B8E1D5451909B20D00CB8C1C /* HelperClasses_Me */ = {
			isa = PBXGroup;
			children = (
				B8E1D5F5190C225D00CB8C1C /* BadgeTableCell */,
				B8E1D5EF190C224100CB8C1C /* SVProgressHUD */,
			);
			name = HelperClasses_Me;
			sourceTree = "<group>";
		};
		B8E1D5461909B22B00CB8C1C /* Settings */ = {
			isa = PBXGroup;
			children = (
				B8E1D53519099F8C00CB8C1C /* SettingsViewController.h */,
				B8E1D53619099F8C00CB8C1C /* SettingsViewController.m */,
			);
			name = Settings;
			sourceTree = "<group>";
		};
		B8E1D594190AF7F500CB8C1C /* Buttons */ = {
			isa = PBXGroup;
			children = (
				B8E1D595190AF7FE00CB8C1C /* NSString+FontAwesome.h */,
				B8E1D596190AF7FE00CB8C1C /* NSString+FontAwesome.m */,
				B8E1D597190AF7FE00CB8C1C /* UIButton+Bootstrap.h */,
				B8E1D598190AF7FE00CB8C1C /* UIButton+Bootstrap.m */,
			);
			name = Buttons;
			sourceTree = "<group>";
		};
		B8E1D5EF190C224100CB8C1C /* SVProgressHUD */ = {
			isa = PBXGroup;
			children = (
				B8E1D5F0190C224B00CB8C1C /* SVProgressHUD.h */,
				B8E1D5F1190C224B00CB8C1C /* SVProgressHUD.m */,
				B8E1D5F2190C224B00CB8C1C /* SVProgressHUD.bundle */,
			);
			name = SVProgressHUD;
			sourceTree = "<group>";
		};
		B8E1D5F5190C225D00CB8C1C /* BadgeTableCell */ = {
			isa = PBXGroup;
			children = (
				B8E1D5411909ABCF00CB8C1C /* BadgeTableCell.h */,
				B8E1D5421909ABCF00CB8C1C /* BadgeTableCell.m */,
			);
			name = BadgeTableCell;
			sourceTree = "<group>";
		};
		B8FA45B818F5D8C5007DA680 /* AlertView */ = {
			isa = PBXGroup;
			children = (
				B8FA45C118F5D8ED007DA680 /* UIViewController+MaryPopin.h */,
				B8FA45C218F5D8ED007DA680 /* UIViewController+MaryPopin.m */,
				B8FA45BB18F5D8E7007DA680 /* EdibleAlertView.h */,
				B8FA45BC18F5D8E7007DA680 /* EdibleAlertView.m */,
				B8FA45BD18F5D8E7007DA680 /* EdibleAlertView.xib */,
			);
			name = AlertView;
			sourceTree = "<group>";
		};
		B8FA45C518F72DF7007DA680 /* Profile */ = {
			isa = PBXGroup;
			children = (
				B8FA45C618F72E3E007DA680 /* HelperClasses_Pf */,
				B8AAF32518F4846100D287A3 /* ProfileViewController.h */,
				B8AAF32618F4846100D287A3 /* ProfileViewController.m */,
				B8E1D547190A1C0E00CB8C1C /* AccountViewController.h */,
				B8E1D548190A1C0E00CB8C1C /* AccountViewController.m */,
				B8E1D54D190A293D00CB8C1C /* ModifyViewController.h */,
				B8E1D54E190A293D00CB8C1C /* ModifyViewController.m */,
				B8E1D59E190B723100CB8C1C /* PasswordViewController.h */,
				B8E1D59F190B723100CB8C1C /* PasswordViewController.m */,
			);
			name = Profile;
			path = EdibleBlueCheese;
			sourceTree = "<group>";
		};
		B8FA45C618F72E3E007DA680 /* HelperClasses_Pf */ = {
			isa = PBXGroup;
			children = (
				B8E1D594190AF7F500CB8C1C /* Buttons */,
				B8FA45C718F72E55007DA680 /* ImagePlaceholderHelper.h */,
				B8FA45C818F72E56007DA680 /* ImagePlaceholderHelper.m */,
				B8FA45C918F72E56007DA680 /* UIImageView+Placeholder.h */,
				B8FA45CA18F72E56007DA680 /* UIImageView+Placeholder.m */,
				B8738BA31906D8B80044FD42 /* UIImage+operation.h */,
				B8738BA41906D8B80044FD42 /* UIImage+operation.m */,
			);
			name = HelperClasses_Pf;
			sourceTree = "<group>";
		};
/* End PBXGroup section */

/* Begin PBXNativeTarget section */
		B8AAF2DB18F4547900D287A3 /* EdibleBlueCheese */ = {
			isa = PBXNativeTarget;
			buildConfigurationList = B8AAF31118F4547A00D287A3 /* Build configuration list for PBXNativeTarget "EdibleBlueCheese" */;
			buildPhases = (
				B8AAF2D818F4547900D287A3 /* Sources */,
				B8AAF2D918F4547900D287A3 /* Frameworks */,
				B8AAF2DA18F4547900D287A3 /* Resources */,
			);
			buildRules = (
			);
			dependencies = (
			);
			name = EdibleBlueCheese;
			productName = EdibleBlueCheese;
			productReference = B8AAF2DC18F4547900D287A3 /* EdibleBlueCheese.app */;
			productType = "com.apple.product-type.application";
		};
		B8AAF2FF18F4547900D287A3 /* EdibleBlueCheeseTests */ = {
			isa = PBXNativeTarget;
			buildConfigurationList = B8AAF31418F4547A00D287A3 /* Build configuration list for PBXNativeTarget "EdibleBlueCheeseTests" */;
			buildPhases = (
				B8AAF2FC18F4547900D287A3 /* Sources */,
				B8AAF2FD18F4547900D287A3 /* Frameworks */,
				B8AAF2FE18F4547900D287A3 /* Resources */,
			);
			buildRules = (
			);
			dependencies = (
				B8AAF30618F4547900D287A3 /* PBXTargetDependency */,
			);
			name = EdibleBlueCheeseTests;
			productName = EdibleBlueCheeseTests;
			productReference = B8AAF30018F4547900D287A3 /* EdibleBlueCheeseTests.xctest */;
			productType = "com.apple.product-type.bundle.unit-test";
		};
/* End PBXNativeTarget section */

/* Begin PBXProject section */
		B8AAF2D418F4547900D287A3 /* Project object */ = {
			isa = PBXProject;
			attributes = {
				LastUpgradeCheck = 0510;
				ORGANIZATIONNAME = "Hao Zheng";
				TargetAttributes = {
					B8AAF2FF18F4547900D287A3 = {
						TestTargetID = B8AAF2DB18F4547900D287A3;
					};
				};
			};
			buildConfigurationList = B8AAF2D718F4547900D287A3 /* Build configuration list for PBXProject "EdibleBlueCheese" */;
			compatibilityVersion = "Xcode 3.2";
			developmentRegion = English;
			hasScannedForEncodings = 0;
			knownRegions = (
				en,
				Base,
			);
			mainGroup = B8AAF2D318F4547900D287A3;
			productRefGroup = B8AAF2DD18F4547900D287A3 /* Products */;
			projectDirPath = "";
			projectRoot = "";
			targets = (
				B8AAF2DB18F4547900D287A3 /* EdibleBlueCheese */,
				B8AAF2FF18F4547900D287A3 /* EdibleBlueCheeseTests */,
			);
		};
/* End PBXProject section */

/* Begin PBXResourcesBuildPhase section */
		B8AAF2DA18F4547900D287A3 /* Resources */ = {
			isa = PBXResourcesBuildPhase;
			buildActionMask = 2147483647;
			files = (
				B8B69DB119135ACA00DEF80A /* friends_QR.png in Resources */,
				B8BC421819031F6C00485705 /* 5.jpg in Resources */,
				B8B69DC819135ACA00DEF80A /* 0196@2x.png in Resources */,
				B8738B99190479470044FD42 /* eat.png in Resources */,
				B8B69DC519135ACA00DEF80A /* 0194.png in Resources */,
				B8B69DB919135ACA00DEF80A /* setting_orange.png in Resources */,
				B8B69DC919135ACA00DEF80A /* 0229.png in Resources */,
				B8B69DC019135ACA00DEF80A /* tabbar_me@2x.png in Resources */,
				B8BC421619031F6C00485705 /* 3.jpg in Resources */,
				B8B69DB619135ACA00DEF80A /* tabbar_eat@2x.png in Resources */,
				B8AAF37E18F49F4100D287A3 /* LoginDemo.jpg in Resources */,
				B8738B8B190473790044FD42 /* mycover.jpg in Resources */,
				B8738B9B190479470044FD42 /* home.png in Resources */,
				B8B69D861913262600DEF80A /* discover@2x.png in Resources */,
				B8B69DCD19135ACA00DEF80A /* tabbar_camera.png in Resources */,
				B8B69DC119135ACA00DEF80A /* setting_carrot.png in Resources */,
				B8B69D851913262600DEF80A /* discover.png in Resources */,
				B8738B96190479470044FD42 /* drink@2x.png in Resources */,
				B8B69DD119136C9200DEF80A /* discover_bridge.jpg in Resources */,
				B8B69DC719135ACA00DEF80A /* 0196.png in Resources */,
				B8AAF2F618F4547900D287A3 /* Main_iPad.storyboard in Resources */,
				B8B69D921913554100DEF80A /* discover_oldbuilding.jpg in Resources */,
				B8B69DB219135ACA00DEF80A /* friends_QR@2x.png in Resources */,
				B8738B98190479470044FD42 /* eat@2x.png in Resources */,
				B8AAF2FB18F4547900D287A3 /* Images.xcassets in Resources */,
				B8B69DCB19135ACA00DEF80A /* setting_setting.png in Resources */,
				B8B69DBE19135ACA00DEF80A /* setting_mushroom@2x.png in Resources */,
				B8B69DC319135ACA00DEF80A /* 0190.png in Resources */,
				B8B69DBD19135ACA00DEF80A /* setting_mushroom.png in Resources */,
				B8B69DC219135ACA00DEF80A /* setting_carrot@2x.png in Resources */,
				B8FA45C018F5D8E7007DA680 /* EdibleAlertView.xib in Resources */,
				B8B69DBB19135ACA00DEF80A /* setting_tomato.png in Resources */,
				B8738B95190479470044FD42 /* cafe.png in Resources */,
				B8B69D8C1913489200DEF80A /* right_arrow@2x.png in Resources */,
				B8B69DBC19135ACA00DEF80A /* setting_tomato@2x.png in Resources */,
				B8B69D8B1913489200DEF80A /* right_arrow.png in Resources */,
				B8B69DBF19135ACA00DEF80A /* tabbar_me.png in Resources */,
				B8BC421919031F6C00485705 /* 6.jpg in Resources */,
				B8B69DCA19135ACA00DEF80A /* 0229@2x.png in Resources */,
				B8B69DB519135ACA00DEF80A /* tabbar_eat.png in Resources */,
				B8B69DCE19135ACA00DEF80A /* tabbar_camera@2x.png in Resources */,
				B8738B94190479470044FD42 /* cafe@2x.png in Resources */,
				B8B69DBA19135ACA00DEF80A /* setting_orange@2x.png in Resources */,
				B8AAF2F318F4547900D287A3 /* Main_iPhone.storyboard in Resources */,
				B8AAF2EA18F4547900D287A3 /* InfoPlist.strings in Resources */,
				B8B69DC419135ACA00DEF80A /* 0190@2x.png in Resources */,
				B8BC421519031F6C00485705 /* 2.jpg in Resources */,
				B8738B9A190479470044FD42 /* home@2x.png in Resources */,
				B8B69DB719135ACA00DEF80A /* 0075.png in Resources */,
				B8B69DB819135ACA00DEF80A /* 0075@2x.png in Resources */,
				B8738B97190479470044FD42 /* drink.png in Resources */,
				B8B69DC619135ACA00DEF80A /* 0194@2x.png in Resources */,
				B8B69DCC19135ACA00DEF80A /* setting_setting@2x.png in Resources */,
				B8B69D90191354F900DEF80A /* discover_restaurant.jpg in Resources */,
				B8B69D7D1912D6BB00DEF80A /* discover_walking.jpg in Resources */,
				B8BC421719031F6C00485705 /* 4.jpg in Resources */,
				B8BC421419031F6C00485705 /* 1.jpg in Resources */,
				B8E1D5F4190C224B00CB8C1C /* SVProgressHUD.bundle in Resources */,
				B8B69DD219136C9200DEF80A /* discover_river.jpg in Resources */,
			);
			runOnlyForDeploymentPostprocessing = 0;
		};
		B8AAF2FE18F4547900D287A3 /* Resources */ = {
			isa = PBXResourcesBuildPhase;
			buildActionMask = 2147483647;
			files = (
				B8AAF30C18F4547A00D287A3 /* InfoPlist.strings in Resources */,
			);
			runOnlyForDeploymentPostprocessing = 0;
		};
/* End PBXResourcesBuildPhase section */

/* Begin PBXSourcesBuildPhase section */
		B8AAF2D818F4547900D287A3 /* Sources */ = {
			isa = PBXSourcesBuildPhase;
			buildActionMask = 2147483647;
			files = (
				B8E1D601190C68C600CB8C1C /* User.m in Sources */,
				B8BC421D19031F8400485705 /* CardCollectionViewController.m in Sources */,
				B8E1D59A190AF7FE00CB8C1C /* UIButton+Bootstrap.m in Sources */,
				B8FA45B718F5CA78007DA680 /* FormValidator.m in Sources */,
				B8E6099F1908A56000DBD4C1 /* UIAlertView+Blocks.m in Sources */,
				B8E1D5431909ABCF00CB8C1C /* BadgeTableCell.m in Sources */,
				B8BC423419034E0700485705 /* UIViewController+ScrollingNavbar.m in Sources */,
				B8E1D5F3190C224B00CB8C1C /* SVProgressHUD.m in Sources */,
				B8738BA51906D8B80044FD42 /* UIImage+operation.m in Sources */,
				B8AAF32018F4803000D287A3 /* LoginRegisterViewController.m in Sources */,
				B8E1D5A0190B723100CB8C1C /* PasswordViewController.m in Sources */,
				B8FA45BF18F5D8E7007DA680 /* EdibleAlertView.m in Sources */,
				B8FA45CB18F72E56007DA680 /* ImagePlaceholderHelper.m in Sources */,
				B8AAF36E18F488E500D287A3 /* AnimateLabel.m in Sources */,
				B8FA45CC18F72E56007DA680 /* UIImageView+Placeholder.m in Sources */,
				B80129EB191437DE007D2F6B /* NavigationViewController.m in Sources */,
				B8012A3B191580D5007D2F6B /* ImageProcessing.m in Sources */,
				B8738B7619046C740044FD42 /* ScrollViewController.m in Sources */,
				B8E1D599190AF7FE00CB8C1C /* NSString+FontAwesome.m in Sources */,
				B8AAF31D18F47F5B00D287A3 /* UIImage+ImageEffects.m in Sources */,
				B8738BA21906CEA60044FD42 /* UILayers.m in Sources */,
				B8E1D5341909899A00CB8C1C /* MeViewController.m in Sources */,
				B8D1CAB518FE0326001AFA11 /* AsyncRequest.m in Sources */,
				B8AAF2F018F4547900D287A3 /* AppDelegate.m in Sources */,
				B8AAF2EC18F4547900D287A3 /* main.m in Sources */,
				B8157CC4190EEB3900C3BE8C /* edi_md5.m in Sources */,
				B8738B7719046C740044FD42 /* NavBarSetting.m in Sources */,
				B8FA45C318F5D8ED007DA680 /* UIViewController+MaryPopin.m in Sources */,
				B8AAF32718F4846100D287A3 /* ProfileViewController.m in Sources */,
				B8B69D6619108E4700DEF80A /* SearchResultViewController.m in Sources */,
				B8012A351914B09F007D2F6B /* StorageFile.m in Sources */,
				B8157CCA191013C800C3BE8C /* FindContactsViewController.m in Sources */,
				B8AAF37618F48E4C00D287A3 /* SQLConnector.m in Sources */,
				B8AAF31C18F47F5B00D287A3 /* LoginRegisterForm.m in Sources */,
				B8E1D54F190A293D00CB8C1C /* ModifyViewController.m in Sources */,
				B8B69D7B1912D07E00DEF80A /* EdibleCollectionCell.m in Sources */,
				B8738B7819046C740044FD42 /* TableViewController.m in Sources */,
				B8B69D7A1912D07E00DEF80A /* DiscoveryViewController.m in Sources */,
				B8738B7919046C740044FD42 /* CollectionViewController.m in Sources */,
				B8BC421A19031F6C00485705 /* CardScrollView.m in Sources */,
				B8E1D53719099F8C00CB8C1C /* SettingsViewController.m in Sources */,
				B8738BA8190705550044FD42 /* DBOperations_User.m in Sources */,
				B8E1D549190A1C0E00CB8C1C /* AccountViewController.m in Sources */,
				B8E1D59D190AFF9E00CB8C1C /* FontSettings.m in Sources */,
				B8738B9E190634730044FD42 /* LoadingAnimation.m in Sources */,
			);
			runOnlyForDeploymentPostprocessing = 0;
		};
		B8AAF2FC18F4547900D287A3 /* Sources */ = {
			isa = PBXSourcesBuildPhase;
			buildActionMask = 2147483647;
			files = (
				B8AAF30E18F4547A00D287A3 /* EdibleBlueCheeseTests.m in Sources */,
			);
			runOnlyForDeploymentPostprocessing = 0;
		};
/* End PBXSourcesBuildPhase section */

/* Begin PBXTargetDependency section */
		B8AAF30618F4547900D287A3 /* PBXTargetDependency */ = {
			isa = PBXTargetDependency;
			target = B8AAF2DB18F4547900D287A3 /* EdibleBlueCheese */;
			targetProxy = B8AAF30518F4547900D287A3 /* PBXContainerItemProxy */;
		};
/* End PBXTargetDependency section */

/* Begin PBXVariantGroup section */
		B8AAF2E818F4547900D287A3 /* InfoPlist.strings */ = {
			isa = PBXVariantGroup;
			children = (
				B8AAF2E918F4547900D287A3 /* en */,
			);
			name = InfoPlist.strings;
			sourceTree = "<group>";
		};
		B8AAF2F118F4547900D287A3 /* Main_iPhone.storyboard */ = {
			isa = PBXVariantGroup;
			children = (
				B8AAF2F218F4547900D287A3 /* Base */,
			);
			name = Main_iPhone.storyboard;
			sourceTree = "<group>";
		};
		B8AAF2F418F4547900D287A3 /* Main_iPad.storyboard */ = {
			isa = PBXVariantGroup;
			children = (
				B8AAF2F518F4547900D287A3 /* Base */,
			);
			name = Main_iPad.storyboard;
			sourceTree = "<group>";
		};
		B8AAF30A18F4547A00D287A3 /* InfoPlist.strings */ = {
			isa = PBXVariantGroup;
			children = (
				B8AAF30B18F4547A00D287A3 /* en */,
			);
			name = InfoPlist.strings;
			sourceTree = "<group>";
		};
/* End PBXVariantGroup section */

/* Begin XCBuildConfiguration section */
		B8AAF30F18F4547A00D287A3 /* Debug */ = {
			isa = XCBuildConfiguration;
			buildSettings = {
				ALWAYS_SEARCH_USER_PATHS = NO;
				CLANG_CXX_LANGUAGE_STANDARD = "gnu++0x";
				CLANG_CXX_LIBRARY = "libc++";
				CLANG_ENABLE_MODULES = YES;
				CLANG_ENABLE_OBJC_ARC = YES;
				CLANG_WARN_BOOL_CONVERSION = YES;
				CLANG_WARN_CONSTANT_CONVERSION = YES;
				CLANG_WARN_DIRECT_OBJC_ISA_USAGE = YES_ERROR;
				CLANG_WARN_EMPTY_BODY = YES;
				CLANG_WARN_ENUM_CONVERSION = YES;
				CLANG_WARN_INT_CONVERSION = YES;
				CLANG_WARN_OBJC_ROOT_CLASS = YES_ERROR;
				CLANG_WARN__DUPLICATE_METHOD_MATCH = YES;
				"CODE_SIGN_IDENTITY[sdk=iphoneos*]" = "iPhone Developer";
				COPY_PHASE_STRIP = NO;
				GCC_C_LANGUAGE_STANDARD = gnu99;
				GCC_DYNAMIC_NO_PIC = NO;
				GCC_OPTIMIZATION_LEVEL = 0;
				GCC_PREPROCESSOR_DEFINITIONS = (
					"DEBUG=1",
					"$(inherited)",
				);
				GCC_SYMBOLS_PRIVATE_EXTERN = NO;
				GCC_WARN_64_TO_32_BIT_CONVERSION = YES;
				GCC_WARN_ABOUT_RETURN_TYPE = YES_ERROR;
				GCC_WARN_UNDECLARED_SELECTOR = YES;
				GCC_WARN_UNINITIALIZED_AUTOS = YES;
				GCC_WARN_UNUSED_FUNCTION = YES;
				GCC_WARN_UNUSED_VARIABLE = YES;
				IPHONEOS_DEPLOYMENT_TARGET = 7.0;
				ONLY_ACTIVE_ARCH = YES;
				SDKROOT = iphoneos;
				TARGETED_DEVICE_FAMILY = "1,2";
			};
			name = Debug;
		};
		B8AAF31018F4547A00D287A3 /* Release */ = {
			isa = XCBuildConfiguration;
			buildSettings = {
				ALWAYS_SEARCH_USER_PATHS = NO;
				CLANG_CXX_LANGUAGE_STANDARD = "gnu++0x";
				CLANG_CXX_LIBRARY = "libc++";
				CLANG_ENABLE_MODULES = YES;
				CLANG_ENABLE_OBJC_ARC = YES;
				CLANG_WARN_BOOL_CONVERSION = YES;
				CLANG_WARN_CONSTANT_CONVERSION = YES;
				CLANG_WARN_DIRECT_OBJC_ISA_USAGE = YES_ERROR;
				CLANG_WARN_EMPTY_BODY = YES;
				CLANG_WARN_ENUM_CONVERSION = YES;
				CLANG_WARN_INT_CONVERSION = YES;
				CLANG_WARN_OBJC_ROOT_CLASS = YES_ERROR;
				CLANG_WARN__DUPLICATE_METHOD_MATCH = YES;
				"CODE_SIGN_IDENTITY[sdk=iphoneos*]" = "iPhone Developer";
				COPY_PHASE_STRIP = YES;
				ENABLE_NS_ASSERTIONS = NO;
				GCC_C_LANGUAGE_STANDARD = gnu99;
				GCC_WARN_64_TO_32_BIT_CONVERSION = YES;
				GCC_WARN_ABOUT_RETURN_TYPE = YES_ERROR;
				GCC_WARN_UNDECLARED_SELECTOR = YES;
				GCC_WARN_UNINITIALIZED_AUTOS = YES;
				GCC_WARN_UNUSED_FUNCTION = YES;
				GCC_WARN_UNUSED_VARIABLE = YES;
				IPHONEOS_DEPLOYMENT_TARGET = 7.0;
				SDKROOT = iphoneos;
				TARGETED_DEVICE_FAMILY = "1,2";
				VALIDATE_PRODUCT = YES;
			};
			name = Release;
		};
		B8AAF31218F4547A00D287A3 /* Debug */ = {
			isa = XCBuildConfiguration;
			buildSettings = {
				ASSETCATALOG_COMPILER_APPICON_NAME = AppIcon;
				ASSETCATALOG_COMPILER_LAUNCHIMAGE_NAME = LaunchImage;
				GCC_PRECOMPILE_PREFIX_HEADER = YES;
				GCC_PREFIX_HEADER = "EdibleBlueCheese/EdibleBlueCheese-Prefix.pch";
				INFOPLIST_FILE = "EdibleBlueCheese/EdibleBlueCheese-Info.plist";
				PRODUCT_NAME = "$(TARGET_NAME)";
				WRAPPER_EXTENSION = app;
			};
			name = Debug;
		};
		B8AAF31318F4547A00D287A3 /* Release */ = {
			isa = XCBuildConfiguration;
			buildSettings = {
				ASSETCATALOG_COMPILER_APPICON_NAME = AppIcon;
				ASSETCATALOG_COMPILER_LAUNCHIMAGE_NAME = LaunchImage;
				GCC_PRECOMPILE_PREFIX_HEADER = YES;
				GCC_PREFIX_HEADER = "EdibleBlueCheese/EdibleBlueCheese-Prefix.pch";
				INFOPLIST_FILE = "EdibleBlueCheese/EdibleBlueCheese-Info.plist";
				PRODUCT_NAME = "$(TARGET_NAME)";
				WRAPPER_EXTENSION = app;
			};
			name = Release;
		};
		B8AAF31518F4547A00D287A3 /* Debug */ = {
			isa = XCBuildConfiguration;
			buildSettings = {
				BUNDLE_LOADER = "$(BUILT_PRODUCTS_DIR)/EdibleBlueCheese.app/EdibleBlueCheese";
				FRAMEWORK_SEARCH_PATHS = (
					"$(SDKROOT)/Developer/Library/Frameworks",
					"$(inherited)",
					"$(DEVELOPER_FRAMEWORKS_DIR)",
				);
				GCC_PRECOMPILE_PREFIX_HEADER = YES;
				GCC_PREFIX_HEADER = "EdibleBlueCheese/EdibleBlueCheese-Prefix.pch";
				GCC_PREPROCESSOR_DEFINITIONS = (
					"DEBUG=1",
					"$(inherited)",
				);
				INFOPLIST_FILE = "EdibleBlueCheeseTests/EdibleBlueCheeseTests-Info.plist";
				PRODUCT_NAME = "$(TARGET_NAME)";
				TEST_HOST = "$(BUNDLE_LOADER)";
				WRAPPER_EXTENSION = xctest;
			};
			name = Debug;
		};
		B8AAF31618F4547A00D287A3 /* Release */ = {
			isa = XCBuildConfiguration;
			buildSettings = {
				BUNDLE_LOADER = "$(BUILT_PRODUCTS_DIR)/EdibleBlueCheese.app/EdibleBlueCheese";
				FRAMEWORK_SEARCH_PATHS = (
					"$(SDKROOT)/Developer/Library/Frameworks",
					"$(inherited)",
					"$(DEVELOPER_FRAMEWORKS_DIR)",
				);
				GCC_PRECOMPILE_PREFIX_HEADER = YES;
				GCC_PREFIX_HEADER = "EdibleBlueCheese/EdibleBlueCheese-Prefix.pch";
				INFOPLIST_FILE = "EdibleBlueCheeseTests/EdibleBlueCheeseTests-Info.plist";
				PRODUCT_NAME = "$(TARGET_NAME)";
				TEST_HOST = "$(BUNDLE_LOADER)";
				WRAPPER_EXTENSION = xctest;
			};
			name = Release;
		};
/* End XCBuildConfiguration section */

/* Begin XCConfigurationList section */
		B8AAF2D718F4547900D287A3 /* Build configuration list for PBXProject "EdibleBlueCheese" */ = {
			isa = XCConfigurationList;
			buildConfigurations = (
				B8AAF30F18F4547A00D287A3 /* Debug */,
				B8AAF31018F4547A00D287A3 /* Release */,
			);
			defaultConfigurationIsVisible = 0;
			defaultConfigurationName = Release;
		};
		B8AAF31118F4547A00D287A3 /* Build configuration list for PBXNativeTarget "EdibleBlueCheese" */ = {
			isa = XCConfigurationList;
			buildConfigurations = (
				B8AAF31218F4547A00D287A3 /* Debug */,
				B8AAF31318F4547A00D287A3 /* Release */,
			);
			defaultConfigurationIsVisible = 0;
			defaultConfigurationName = Release;
		};
		B8AAF31418F4547A00D287A3 /* Build configuration list for PBXNativeTarget "EdibleBlueCheeseTests" */ = {
			isa = XCConfigurationList;
			buildConfigurations = (
				B8AAF31518F4547A00D287A3 /* Debug */,
				B8AAF31618F4547A00D287A3 /* Release */,
			);
			defaultConfigurationIsVisible = 0;
			defaultConfigurationName = Release;
		};
/* End XCConfigurationList section */
	};
	rootObject = B8AAF2D418F4547900D287A3 /* Project object */;
}
