// !$*UTF8*$!
{
	archiveVersion = 1;
	classes = {
	};
	objectVersion = 46;
	objects = {

/* Begin PBXBuildFile section */
		B8AAF2E018F4547900D287A3 /* Foundation.framework in Frameworks */ = {isa = PBXBuildFile; fileRef = B8AAF2DF18F4547900D287A3 /* Foundation.framework */; };
		B8AAF2E218F4547900D287A3 /* CoreGraphics.framework in Frameworks */ = {isa = PBXBuildFile; fileRef = B8AAF2E118F4547900D287A3 /* CoreGraphics.framework */; };
		B8AAF2E418F4547900D287A3 /* UIKit.framework in Frameworks */ = {isa = PBXBuildFile; fileRef = B8AAF2E318F4547900D287A3 /* UIKit.framework */; };
		B8AAF2EA18F4547900D287A3 /* InfoPlist.strings in Resources */ = {isa = PBXBuildFile; fileRef = B8AAF2E818F4547900D287A3 /* InfoPlist.strings */; };
		B8AAF2EC18F4547900D287A3 /* main.m in Sources */ = {isa = PBXBuildFile; fileRef = B8AAF2EB18F4547900D287A3 /* main.m */; };
		B8AAF2F018F4547900D287A3 /* AppDelegate.m in Sources */ = {isa = PBXBuildFile; fileRef = B8AAF2EF18F4547900D287A3 /* AppDelegate.m */; };
		B8AAF2F318F4547900D287A3 /* Main_iPhone.storyboard in Resources */ = {isa = PBXBuildFile; fileRef = B8AAF2F118F4547900D287A3 /* Main_iPhone.storyboard */; };
		B8AAF2F618F4547900D287A3 /* Main_iPad.storyboard in Resources */ = {isa = PBXBuildFile; fileRef = B8AAF2F418F4547900D287A3 /* Main_iPad.storyboard */; };
		B8AAF2F918F4547900D287A3 /* ViewController.m in Sources */ = {isa = PBXBuildFile; fileRef = B8AAF2F818F4547900D287A3 /* ViewController.m */; };
		B8AAF2FB18F4547900D287A3 /* Images.xcassets in Resources */ = {isa = PBXBuildFile; fileRef = B8AAF2FA18F4547900D287A3 /* Images.xcassets */; };
		B8AAF30218F4547900D287A3 /* XCTest.framework in Frameworks */ = {isa = PBXBuildFile; fileRef = B8AAF30118F4547900D287A3 /* XCTest.framework */; };
		B8AAF30318F4547900D287A3 /* Foundation.framework in Frameworks */ = {isa = PBXBuildFile; fileRef = B8AAF2DF18F4547900D287A3 /* Foundation.framework */; };
		B8AAF30418F4547900D287A3 /* UIKit.framework in Frameworks */ = {isa = PBXBuildFile; fileRef = B8AAF2E318F4547900D287A3 /* UIKit.framework */; };
		B8AAF30C18F4547A00D287A3 /* InfoPlist.strings in Resources */ = {isa = PBXBuildFile; fileRef = B8AAF30A18F4547A00D287A3 /* InfoPlist.strings */; };
		B8AAF30E18F4547A00D287A3 /* EdibleBlueCheeseTests.m in Sources */ = {isa = PBXBuildFile; fileRef = B8AAF30D18F4547A00D287A3 /* EdibleBlueCheeseTests.m */; };
/* End PBXBuildFile section */

/* Begin PBXContainerItemProxy section */
		B8AAF30518F4547900D287A3 /* PBXContainerItemProxy */ = {
			isa = PBXContainerItemProxy;
			containerPortal = B8AAF2D418F4547900D287A3 /* Project object */;
			proxyType = 1;
			remoteGlobalIDString = B8AAF2DB18F4547900D287A3;
			remoteInfo = EdibleBlueCheese;
		};
/* End PBXContainerItemProxy section */

/* Begin PBXFileReference section */
		B8AAF2DC18F4547900D287A3 /* EdibleBlueCheese.app */ = {isa = PBXFileReference; explicitFileType = wrapper.application; includeInIndex = 0; path = EdibleBlueCheese.app; sourceTree = BUILT_PRODUCTS_DIR; };
		B8AAF2DF18F4547900D287A3 /* Foundation.framework */ = {isa = PBXFileReference; lastKnownFileType = wrapper.framework; name = Foundation.framework; path = System/Library/Frameworks/Foundation.framework; sourceTree = SDKROOT; };
		B8AAF2E118F4547900D287A3 /* CoreGraphics.framework */ = {isa = PBXFileReference; lastKnownFileType = wrapper.framework; name = CoreGraphics.framework; path = System/Library/Frameworks/CoreGraphics.framework; sourceTree = SDKROOT; };
		B8AAF2E318F4547900D287A3 /* UIKit.framework */ = {isa = PBXFileReference; lastKnownFileType = wrapper.framework; name = UIKit.framework; path = System/Library/Frameworks/UIKit.framework; sourceTree = SDKROOT; };
		B8AAF2E718F4547900D287A3 /* EdibleBlueCheese-Info.plist */ = {isa = PBXFileReference; lastKnownFileType = text.plist.xml; path = "EdibleBlueCheese-Info.plist"; sourceTree = "<group>"; };
		B8AAF2E918F4547900D287A3 /* en */ = {isa = PBXFileReference; lastKnownFileType = text.plist.strings; name = en; path = en.lproj/InfoPlist.strings; sourceTree = "<group>"; };
		B8AAF2EB18F4547900D287A3 /* main.m */ = {isa = PBXFileReference; lastKnownFileType = sourcecode.c.objc; path = main.m; sourceTree = "<group>"; };
		B8AAF2ED18F4547900D287A3 /* EdibleBlueCheese-Prefix.pch */ = {isa = PBXFileReference; lastKnownFileType = sourcecode.c.h; path = "EdibleBlueCheese-Prefix.pch"; sourceTree = "<group>"; };
		B8AAF2EE18F4547900D287A3 /* AppDelegate.h */ = {isa = PBXFileReference; lastKnownFileType = sourcecode.c.h; path = AppDelegate.h; sourceTree = "<group>"; };
		B8AAF2EF18F4547900D287A3 /* AppDelegate.m */ = {isa = PBXFileReference; lastKnownFileType = sourcecode.c.objc; path = AppDelegate.m; sourceTree = "<group>"; };
		B8AAF2F218F4547900D287A3 /* Base */ = {isa = PBXFileReference; lastKnownFileType = file.storyboard; name = Base; path = Base.lproj/Main_iPhone.storyboard; sourceTree = "<group>"; };
		B8AAF2F518F4547900D287A3 /* Base */ = {isa = PBXFileReference; lastKnownFileType = file.storyboard; name = Base; path = Base.lproj/Main_iPad.storyboard; sourceTree = "<group>"; };
		B8AAF2F718F4547900D287A3 /* ViewController.h */ = {isa = PBXFileReference; lastKnownFileType = sourcecode.c.h; path = ViewController.h; sourceTree = "<group>"; };
		B8AAF2F818F4547900D287A3 /* ViewController.m */ = {isa = PBXFileReference; lastKnownFileType = sourcecode.c.objc; path = ViewController.m; sourceTree = "<group>"; };
		B8AAF2FA18F4547900D287A3 /* Images.xcassets */ = {isa = PBXFileReference; lastKnownFileType = folder.assetcatalog; path = Images.xcassets; sourceTree = "<group>"; };
		B8AAF30018F4547900D287A3 /* EdibleBlueCheeseTests.xctest */ = {isa = PBXFileReference; explicitFileType = wrapper.cfbundle; includeInIndex = 0; path = EdibleBlueCheeseTests.xctest; sourceTree = BUILT_PRODUCTS_DIR; };
		B8AAF30118F4547900D287A3 /* XCTest.framework */ = {isa = PBXFileReference; lastKnownFileType = wrapper.framework; name = XCTest.framework; path = Library/Frameworks/XCTest.framework; sourceTree = DEVELOPER_DIR; };
		B8AAF30918F4547900D287A3 /* EdibleBlueCheeseTests-Info.plist */ = {isa = PBXFileReference; lastKnownFileType = text.plist.xml; path = "EdibleBlueCheeseTests-Info.plist"; sourceTree = "<group>"; };
		B8AAF30B18F4547A00D287A3 /* en */ = {isa = PBXFileReference; lastKnownFileType = text.plist.strings; name = en; path = en.lproj/InfoPlist.strings; sourceTree = "<group>"; };
		B8AAF30D18F4547A00D287A3 /* EdibleBlueCheeseTests.m */ = {isa = PBXFileReference; lastKnownFileType = sourcecode.c.objc; path = EdibleBlueCheeseTests.m; sourceTree = "<group>"; };
/* End PBXFileReference section */

/* Begin PBXFrameworksBuildPhase section */
		B8AAF2D918F4547900D287A3 /* Frameworks */ = {
			isa = PBXFrameworksBuildPhase;
			buildActionMask = 2147483647;
			files = (
				B8AAF2E218F4547900D287A3 /* CoreGraphics.framework in Frameworks */,
				B8AAF2E418F4547900D287A3 /* UIKit.framework in Frameworks */,
				B8AAF2E018F4547900D287A3 /* Foundation.framework in Frameworks */,
			);
			runOnlyForDeploymentPostprocessing = 0;
		};
		B8AAF2FD18F4547900D287A3 /* Frameworks */ = {
			isa = PBXFrameworksBuildPhase;
			buildActionMask = 2147483647;
			files = (
				B8AAF30218F4547900D287A3 /* XCTest.framework in Frameworks */,
				B8AAF30418F4547900D287A3 /* UIKit.framework in Frameworks */,
				B8AAF30318F4547900D287A3 /* Foundation.framework in Frameworks */,
			);
			runOnlyForDeploymentPostprocessing = 0;
		};
/* End PBXFrameworksBuildPhase section */

/* Begin PBXGroup section */
		B8AAF2D318F4547900D287A3 = {
			isa = PBXGroup;
			children = (
				B8AAF2E518F4547900D287A3 /* EdibleBlueCheese */,
				B8AAF30718F4547900D287A3 /* EdibleBlueCheeseTests */,
				B8AAF2DE18F4547900D287A3 /* Frameworks */,
				B8AAF2DD18F4547900D287A3 /* Products */,
			);
			sourceTree = "<group>";
		};
		B8AAF2DD18F4547900D287A3 /* Products */ = {
			isa = PBXGroup;
			children = (
				B8AAF2DC18F4547900D287A3 /* EdibleBlueCheese.app */,
				B8AAF30018F4547900D287A3 /* EdibleBlueCheeseTests.xctest */,
			);
			name = Products;
			sourceTree = "<group>";
		};
		B8AAF2DE18F4547900D287A3 /* Frameworks */ = {
			isa = PBXGroup;
			children = (
				B8AAF2DF18F4547900D287A3 /* Foundation.framework */,
				B8AAF2E118F4547900D287A3 /* CoreGraphics.framework */,
				B8AAF2E318F4547900D287A3 /* UIKit.framework */,
				B8AAF30118F4547900D287A3 /* XCTest.framework */,
			);
			name = Frameworks;
			sourceTree = "<group>";
		};
		B8AAF2E518F4547900D287A3 /* EdibleBlueCheese */ = {
			isa = PBXGroup;
			children = (
				B8AAF2EE18F4547900D287A3 /* AppDelegate.h */,
				B8AAF2EF18F4547900D287A3 /* AppDelegate.m */,
				B8AAF2F118F4547900D287A3 /* Main_iPhone.storyboard */,
				B8AAF2F418F4547900D287A3 /* Main_iPad.storyboard */,
				B8AAF2F718F4547900D287A3 /* ViewController.h */,
				B8AAF2F818F4547900D287A3 /* ViewController.m */,
				B8AAF2FA18F4547900D287A3 /* Images.xcassets */,
				B8AAF2E618F4547900D287A3 /* Supporting Files */,
			);
			path = EdibleBlueCheese;
			sourceTree = "<group>";
		};
		B8AAF2E618F4547900D287A3 /* Supporting Files */ = {
			isa = PBXGroup;
			children = (
				B8AAF2E718F4547900D287A3 /* EdibleBlueCheese-Info.plist */,
				B8AAF2E818F4547900D287A3 /* InfoPlist.strings */,
				B8AAF2EB18F4547900D287A3 /* main.m */,
				B8AAF2ED18F4547900D287A3 /* EdibleBlueCheese-Prefix.pch */,
			);
			name = "Supporting Files";
			sourceTree = "<group>";
		};
		B8AAF30718F4547900D287A3 /* EdibleBlueCheeseTests */ = {
			isa = PBXGroup;
			children = (
				B8AAF30D18F4547A00D287A3 /* EdibleBlueCheeseTests.m */,
				B8AAF30818F4547900D287A3 /* Supporting Files */,
			);
			path = EdibleBlueCheeseTests;
			sourceTree = "<group>";
		};
		B8AAF30818F4547900D287A3 /* Supporting Files */ = {
			isa = PBXGroup;
			children = (
				B8AAF30918F4547900D287A3 /* EdibleBlueCheeseTests-Info.plist */,
				B8AAF30A18F4547A00D287A3 /* InfoPlist.strings */,
			);
			name = "Supporting Files";
			sourceTree = "<group>";
		};
/* End PBXGroup section */

/* Begin PBXNativeTarget section */
		B8AAF2DB18F4547900D287A3 /* EdibleBlueCheese */ = {
			isa = PBXNativeTarget;
			buildConfigurationList = B8AAF31118F4547A00D287A3 /* Build configuration list for PBXNativeTarget "EdibleBlueCheese" */;
			buildPhases = (
				B8AAF2D818F4547900D287A3 /* Sources */,
				B8AAF2D918F4547900D287A3 /* Frameworks */,
				B8AAF2DA18F4547900D287A3 /* Resources */,
			);
			buildRules = (
			);
			dependencies = (
			);
			name = EdibleBlueCheese;
			productName = EdibleBlueCheese;
			productReference = B8AAF2DC18F4547900D287A3 /* EdibleBlueCheese.app */;
			productType = "com.apple.product-type.application";
		};
		B8AAF2FF18F4547900D287A3 /* EdibleBlueCheeseTests */ = {
			isa = PBXNativeTarget;
			buildConfigurationList = B8AAF31418F4547A00D287A3 /* Build configuration list for PBXNativeTarget "EdibleBlueCheeseTests" */;
			buildPhases = (
				B8AAF2FC18F4547900D287A3 /* Sources */,
				B8AAF2FD18F4547900D287A3 /* Frameworks */,
				B8AAF2FE18F4547900D287A3 /* Resources */,
			);
			buildRules = (
			);
			dependencies = (
				B8AAF30618F4547900D287A3 /* PBXTargetDependency */,
			);
			name = EdibleBlueCheeseTests;
			productName = EdibleBlueCheeseTests;
			productReference = B8AAF30018F4547900D287A3 /* EdibleBlueCheeseTests.xctest */;
			productType = "com.apple.product-type.bundle.unit-test";
		};
/* End PBXNativeTarget section */

/* Begin PBXProject section */
		B8AAF2D418F4547900D287A3 /* Project object */ = {
			isa = PBXProject;
			attributes = {
				LastUpgradeCheck = 0500;
				ORGANIZATIONNAME = "Hao Zheng";
				TargetAttributes = {
					B8AAF2FF18F4547900D287A3 = {
						TestTargetID = B8AAF2DB18F4547900D287A3;
					};
				};
			};
			buildConfigurationList = B8AAF2D718F4547900D287A3 /* Build configuration list for PBXProject "EdibleBlueCheese" */;
			compatibilityVersion = "Xcode 3.2";
			developmentRegion = English;
			hasScannedForEncodings = 0;
			knownRegions = (
				en,
				Base,
			);
			mainGroup = B8AAF2D318F4547900D287A3;
			productRefGroup = B8AAF2DD18F4547900D287A3 /* Products */;
			projectDirPath = "";
			projectRoot = "";
			targets = (
				B8AAF2DB18F4547900D287A3 /* EdibleBlueCheese */,
				B8AAF2FF18F4547900D287A3 /* EdibleBlueCheeseTests */,
			);
		};
/* End PBXProject section */

/* Begin PBXResourcesBuildPhase section */
		B8AAF2DA18F4547900D287A3 /* Resources */ = {
			isa = PBXResourcesBuildPhase;
			buildActionMask = 2147483647;
			files = (
				B8AAF2F618F4547900D287A3 /* Main_iPad.storyboard in Resources */,
				B8AAF2FB18F4547900D287A3 /* Images.xcassets in Resources */,
				B8AAF2F318F4547900D287A3 /* Main_iPhone.storyboard in Resources */,
				B8AAF2EA18F4547900D287A3 /* InfoPlist.strings in Resources */,
			);
			runOnlyForDeploymentPostprocessing = 0;
		};
		B8AAF2FE18F4547900D287A3 /* Resources */ = {
			isa = PBXResourcesBuildPhase;
			buildActionMask = 2147483647;
			files = (
				B8AAF30C18F4547A00D287A3 /* InfoPlist.strings in Resources */,
			);
			runOnlyForDeploymentPostprocessing = 0;
		};
/* End PBXResourcesBuildPhase section */

/* Begin PBXSourcesBuildPhase section */
		B8AAF2D818F4547900D287A3 /* Sources */ = {
			isa = PBXSourcesBuildPhase;
			buildActionMask = 2147483647;
			files = (
				B8AAF2F918F4547900D287A3 /* ViewController.m in Sources */,
				B8AAF2F018F4547900D287A3 /* AppDelegate.m in Sources */,
				B8AAF2EC18F4547900D287A3 /* main.m in Sources */,
			);
			runOnlyForDeploymentPostprocessing = 0;
		};
		B8AAF2FC18F4547900D287A3 /* Sources */ = {
			isa = PBXSourcesBuildPhase;
			buildActionMask = 2147483647;
			files = (
				B8AAF30E18F4547A00D287A3 /* EdibleBlueCheeseTests.m in Sources */,
			);
			runOnlyForDeploymentPostprocessing = 0;
		};
/* End PBXSourcesBuildPhase section */

/* Begin PBXTargetDependency section */
		B8AAF30618F4547900D287A3 /* PBXTargetDependency */ = {
			isa = PBXTargetDependency;
			target = B8AAF2DB18F4547900D287A3 /* EdibleBlueCheese */;
			targetProxy = B8AAF30518F4547900D287A3 /* PBXContainerItemProxy */;
		};
/* End PBXTargetDependency section */

/* Begin PBXVariantGroup section */
		B8AAF2E818F4547900D287A3 /* InfoPlist.strings */ = {
			isa = PBXVariantGroup;
			children = (
				B8AAF2E918F4547900D287A3 /* en */,
			);
			name = InfoPlist.strings;
			sourceTree = "<group>";
		};
		B8AAF2F118F4547900D287A3 /* Main_iPhone.storyboard */ = {
			isa = PBXVariantGroup;
			children = (
				B8AAF2F218F4547900D287A3 /* Base */,
			);
			name = Main_iPhone.storyboard;
			sourceTree = "<group>";
		};
		B8AAF2F418F4547900D287A3 /* Main_iPad.storyboard */ = {
			isa = PBXVariantGroup;
			children = (
				B8AAF2F518F4547900D287A3 /* Base */,
			);
			name = Main_iPad.storyboard;
			sourceTree = "<group>";
		};
		B8AAF30A18F4547A00D287A3 /* InfoPlist.strings */ = {
			isa = PBXVariantGroup;
			children = (
				B8AAF30B18F4547A00D287A3 /* en */,
			);
			name = InfoPlist.strings;
			sourceTree = "<group>";
		};
/* End PBXVariantGroup section */

/* Begin XCBuildConfiguration section */
		B8AAF30F18F4547A00D287A3 /* Debug */ = {
			isa = XCBuildConfiguration;
			buildSettings = {
				ALWAYS_SEARCH_USER_PATHS = NO;
				ARCHS = "$(ARCHS_STANDARD_INCLUDING_64_BIT)";
				CLANG_CXX_LANGUAGE_STANDARD = "gnu++0x";
				CLANG_CXX_LIBRARY = "libc++";
				CLANG_ENABLE_MODULES = YES;
				CLANG_ENABLE_OBJC_ARC = YES;
				CLANG_WARN_BOOL_CONVERSION = YES;
				CLANG_WARN_CONSTANT_CONVERSION = YES;
				CLANG_WARN_DIRECT_OBJC_ISA_USAGE = YES_ERROR;
				CLANG_WARN_EMPTY_BODY = YES;
				CLANG_WARN_ENUM_CONVERSION = YES;
				CLANG_WARN_INT_CONVERSION = YES;
				CLANG_WARN_OBJC_ROOT_CLASS = YES_ERROR;
				CLANG_WARN__DUPLICATE_METHOD_MATCH = YES;
				"CODE_SIGN_IDENTITY[sdk=iphoneos*]" = "iPhone Developer";
				COPY_PHASE_STRIP = NO;
				GCC_C_LANGUAGE_STANDARD = gnu99;
				GCC_DYNAMIC_NO_PIC = NO;
				GCC_OPTIMIZATION_LEVEL = 0;
				GCC_PREPROCESSOR_DEFINITIONS = (
					"DEBUG=1",
					"$(inherited)",
				);
				GCC_SYMBOLS_PRIVATE_EXTERN = NO;
				GCC_WARN_64_TO_32_BIT_CONVERSION = YES;
				GCC_WARN_ABOUT_RETURN_TYPE = YES_ERROR;
				GCC_WARN_UNDECLARED_SELECTOR = YES;
				GCC_WARN_UNINITIALIZED_AUTOS = YES;
				GCC_WARN_UNUSED_FUNCTION = YES;
				GCC_WARN_UNUSED_VARIABLE = YES;
				IPHONEOS_DEPLOYMENT_TARGET = 7.0;
				ONLY_ACTIVE_ARCH = YES;
				SDKROOT = iphoneos;
				TARGETED_DEVICE_FAMILY = "1,2";
			};
			name = Debug;
		};
		B8AAF31018F4547A00D287A3 /* Release */ = {
			isa = XCBuildConfiguration;
			buildSettings = {
				ALWAYS_SEARCH_USER_PATHS = NO;
				ARCHS = "$(ARCHS_STANDARD_INCLUDING_64_BIT)";
				CLANG_CXX_LANGUAGE_STANDARD = "gnu++0x";
				CLANG_CXX_LIBRARY = "libc++";
				CLANG_ENABLE_MODULES = YES;
				CLANG_ENABLE_OBJC_ARC = YES;
				CLANG_WARN_BOOL_CONVERSION = YES;
				CLANG_WARN_CONSTANT_CONVERSION = YES;
				CLANG_WARN_DIRECT_OBJC_ISA_USAGE = YES_ERROR;
				CLANG_WARN_EMPTY_BODY = YES;
				CLANG_WARN_ENUM_CONVERSION = YES;
				CLANG_WARN_INT_CONVERSION = YES;
				CLANG_WARN_OBJC_ROOT_CLASS = YES_ERROR;
				CLANG_WARN__DUPLICATE_METHOD_MATCH = YES;
				"CODE_SIGN_IDENTITY[sdk=iphoneos*]" = "iPhone Developer";
				COPY_PHASE_STRIP = YES;
				ENABLE_NS_ASSERTIONS = NO;
				GCC_C_LANGUAGE_STANDARD = gnu99;
				GCC_WARN_64_TO_32_BIT_CONVERSION = YES;
				GCC_WARN_ABOUT_RETURN_TYPE = YES_ERROR;
				GCC_WARN_UNDECLARED_SELECTOR = YES;
				GCC_WARN_UNINITIALIZED_AUTOS = YES;
				GCC_WARN_UNUSED_FUNCTION = YES;
				GCC_WARN_UNUSED_VARIABLE = YES;
				IPHONEOS_DEPLOYMENT_TARGET = 7.0;
				SDKROOT = iphoneos;
				TARGETED_DEVICE_FAMILY = "1,2";
				VALIDATE_PRODUCT = YES;
			};
			name = Release;
		};
		B8AAF31218F4547A00D287A3 /* Debug */ = {
			isa = XCBuildConfiguration;
			buildSettings = {
				ASSETCATALOG_COMPILER_APPICON_NAME = AppIcon;
				ASSETCATALOG_COMPILER_LAUNCHIMAGE_NAME = LaunchImage;
				GCC_PRECOMPILE_PREFIX_HEADER = YES;
				GCC_PREFIX_HEADER = "EdibleBlueCheese/EdibleBlueCheese-Prefix.pch";
				INFOPLIST_FILE = "EdibleBlueCheese/EdibleBlueCheese-Info.plist";
				PRODUCT_NAME = "$(TARGET_NAME)";
				WRAPPER_EXTENSION = app;
			};
			name = Debug;
		};
		B8AAF31318F4547A00D287A3 /* Release */ = {
			isa = XCBuildConfiguration;
			buildSettings = {
				ASSETCATALOG_COMPILER_APPICON_NAME = AppIcon;
				ASSETCATALOG_COMPILER_LAUNCHIMAGE_NAME = LaunchImage;
				GCC_PRECOMPILE_PREFIX_HEADER = YES;
				GCC_PREFIX_HEADER = "EdibleBlueCheese/EdibleBlueCheese-Prefix.pch";
				INFOPLIST_FILE = "EdibleBlueCheese/EdibleBlueCheese-Info.plist";
				PRODUCT_NAME = "$(TARGET_NAME)";
				WRAPPER_EXTENSION = app;
			};
			name = Release;
		};
		B8AAF31518F4547A00D287A3 /* Debug */ = {
			isa = XCBuildConfiguration;
			buildSettings = {
				ARCHS = "$(ARCHS_STANDARD_INCLUDING_64_BIT)";
				BUNDLE_LOADER = "$(BUILT_PRODUCTS_DIR)/EdibleBlueCheese.app/EdibleBlueCheese";
				FRAMEWORK_SEARCH_PATHS = (
					"$(SDKROOT)/Developer/Library/Frameworks",
					"$(inherited)",
					"$(DEVELOPER_FRAMEWORKS_DIR)",
				);
				GCC_PRECOMPILE_PREFIX_HEADER = YES;
				GCC_PREFIX_HEADER = "EdibleBlueCheese/EdibleBlueCheese-Prefix.pch";
				GCC_PREPROCESSOR_DEFINITIONS = (
					"DEBUG=1",
					"$(inherited)",
				);
				INFOPLIST_FILE = "EdibleBlueCheeseTests/EdibleBlueCheeseTests-Info.plist";
				PRODUCT_NAME = "$(TARGET_NAME)";
				TEST_HOST = "$(BUNDLE_LOADER)";
				WRAPPER_EXTENSION = xctest;
			};
			name = Debug;
		};
		B8AAF31618F4547A00D287A3 /* Release */ = {
			isa = XCBuildConfiguration;
			buildSettings = {
				ARCHS = "$(ARCHS_STANDARD_INCLUDING_64_BIT)";
				BUNDLE_LOADER = "$(BUILT_PRODUCTS_DIR)/EdibleBlueCheese.app/EdibleBlueCheese";
				FRAMEWORK_SEARCH_PATHS = (
					"$(SDKROOT)/Developer/Library/Frameworks",
					"$(inherited)",
					"$(DEVELOPER_FRAMEWORKS_DIR)",
				);
				GCC_PRECOMPILE_PREFIX_HEADER = YES;
				GCC_PREFIX_HEADER = "EdibleBlueCheese/EdibleBlueCheese-Prefix.pch";
				INFOPLIST_FILE = "EdibleBlueCheeseTests/EdibleBlueCheeseTests-Info.plist";
				PRODUCT_NAME = "$(TARGET_NAME)";
				TEST_HOST = "$(BUNDLE_LOADER)";
				WRAPPER_EXTENSION = xctest;
			};
			name = Release;
		};
/* End XCBuildConfiguration section */

/* Begin XCConfigurationList section */
		B8AAF2D718F4547900D287A3 /* Build configuration list for PBXProject "EdibleBlueCheese" */ = {
			isa = XCConfigurationList;
			buildConfigurations = (
				B8AAF30F18F4547A00D287A3 /* Debug */,
				B8AAF31018F4547A00D287A3 /* Release */,
			);
			defaultConfigurationIsVisible = 0;
			defaultConfigurationName = Release;
		};
		B8AAF31118F4547A00D287A3 /* Build configuration list for PBXNativeTarget "EdibleBlueCheese" */ = {
			isa = XCConfigurationList;
			buildConfigurations = (
				B8AAF31218F4547A00D287A3 /* Debug */,
				B8AAF31318F4547A00D287A3 /* Release */,
			);
			defaultConfigurationIsVisible = 0;
		};
		B8AAF31418F4547A00D287A3 /* Build configuration list for PBXNativeTarget "EdibleBlueCheeseTests" */ = {
			isa = XCConfigurationList;
			buildConfigurations = (
				B8AAF31518F4547A00D287A3 /* Debug */,
				B8AAF31618F4547A00D287A3 /* Release */,
			);
			defaultConfigurationIsVisible = 0;
		};
/* End XCConfigurationList section */
	};
	rootObject = B8AAF2D418F4547900D287A3 /* Project object */;
}
